// !$*UTF8*$!
{
	archiveVersion = 1;
	classes = {
	};
	objectVersion = 55;
	objects = {

/* Begin PBXBuildFile section */
		461C06CE272D14E800126065 /* B_1439.swift in Sources */ = {isa = PBXBuildFile; fileRef = 461C06CD272D14E800126065 /* B_1439.swift */; };
/* End PBXBuildFile section */

/* Begin PBXCopyFilesBuildPhase section */
		468B245A270E69F30050257A /* CopyFiles */ = {
			isa = PBXCopyFilesBuildPhase;
			buildActionMask = 2147483647;
			dstPath = /usr/share/man/man1/;
			dstSubfolderSpec = 0;
			files = (
			);
			runOnlyForDeploymentPostprocessing = 1;
		};
/* End PBXCopyFilesBuildPhase section */

/* Begin PBXFileReference section */
		4604AEF52716914500CDFBD9 /* B_1159.swift */ = {isa = PBXFileReference; lastKnownFileType = sourcecode.swift; path = B_1159.swift; sourceTree = "<group>"; };
		4604AF372717AA1800CDFBD9 /* B_1173.swift */ = {isa = PBXFileReference; lastKnownFileType = sourcecode.swift; path = B_1173.swift; sourceTree = "<group>"; };
		4604AFBE2718EFAF00CDFBD9 /* B_1225.swift */ = {isa = PBXFileReference; lastKnownFileType = sourcecode.swift; path = B_1225.swift; sourceTree = "<group>"; };
		4604AFD3271A85AC00CDFBD9 /* B_1252.swift */ = {isa = PBXFileReference; lastKnownFileType = sourcecode.swift; path = B_1252.swift; sourceTree = "<group>"; };
		4604AFE0271BBDB400CDFBD9 /* B_1032.swift */ = {isa = PBXFileReference; lastKnownFileType = sourcecode.swift; path = B_1032.swift; sourceTree = "<group>"; };
		4604B00C271CECB900CDFBD9 /* B_14470.swift */ = {isa = PBXFileReference; lastKnownFileType = sourcecode.swift; path = B_14470.swift; sourceTree = "<group>"; };
		4604B00F271CF8DC00CDFBD9 /* B_14623.swift */ = {isa = PBXFileReference; lastKnownFileType = sourcecode.swift; path = B_14623.swift; sourceTree = "<group>"; };
		4604B012271D064100CDFBD9 /* B_15963.swift */ = {isa = PBXFileReference; lastKnownFileType = sourcecode.swift; path = B_15963.swift; sourceTree = "<group>"; };
		4604B015271D079100CDFBD9 /* B_2010.swift */ = {isa = PBXFileReference; lastKnownFileType = sourcecode.swift; path = B_2010.swift; sourceTree = "<group>"; };
		4604B044271E365A00CDFBD9 /* B_6609.swift */ = {isa = PBXFileReference; lastKnownFileType = sourcecode.swift; path = B_6609.swift; sourceTree = "<group>"; };
		4604B047271E497D00CDFBD9 /* B_1037.swift */ = {isa = PBXFileReference; lastKnownFileType = sourcecode.swift; path = B_1037.swift; sourceTree = "<group>"; };
		4604B04A271E63CD00CDFBD9 /* B_2753.swift */ = {isa = PBXFileReference; lastKnownFileType = sourcecode.swift; path = B_2753.swift; sourceTree = "<group>"; };
		4604B04D271E7C9400CDFBD9 /* B_14681.swift */ = {isa = PBXFileReference; lastKnownFileType = sourcecode.swift; path = B_14681.swift; sourceTree = "<group>"; };
		4604B050271E7F2300CDFBD9 /* B_1110.swift */ = {isa = PBXFileReference; lastKnownFileType = sourcecode.swift; path = B_1110.swift; sourceTree = "<group>"; };
		461C06CD272D14E800126065 /* B_1439.swift */ = {isa = PBXFileReference; lastKnownFileType = sourcecode.swift; path = B_1439.swift; sourceTree = "<group>"; };
		464443B027114A220012575B /* B_15727.swift */ = {isa = PBXFileReference; lastKnownFileType = sourcecode.swift; path = B_15727.swift; sourceTree = "<group>"; };
		464443C62712A43A0012575B /* B_13136.swift */ = {isa = PBXFileReference; lastKnownFileType = sourcecode.swift; path = B_13136.swift; sourceTree = "<group>"; };
		464443C92712B6790012575B /* B_15680.swift */ = {isa = PBXFileReference; lastKnownFileType = sourcecode.swift; path = B_15680.swift; sourceTree = "<group>"; };
		464443CC2712CBD40012575B /* B_10949.swift */ = {isa = PBXFileReference; lastKnownFileType = sourcecode.swift; path = B_10949.swift; sourceTree = "<group>"; };
		4644440C2713F74B0012575B /* B_11047.swift */ = {isa = PBXFileReference; lastKnownFileType = sourcecode.swift; path = B_11047.swift; sourceTree = "<group>"; };
		4644443D2714FB450012575B /* B_1100.swift */ = {isa = PBXFileReference; lastKnownFileType = sourcecode.swift; path = B_1100.swift; sourceTree = "<group>"; };
		4677180D272B673B009AB223 /* B_1769.swift */ = {isa = PBXFileReference; lastKnownFileType = sourcecode.swift; path = B_1769.swift; sourceTree = "<group>"; };
		467F8928270F104E00701969 /* B_10828.swift */ = {isa = PBXFileReference; lastKnownFileType = sourcecode.swift; path = B_10828.swift; sourceTree = "<group>"; };
		467F892B270F155700701969 /* B_9012.swift */ = {isa = PBXFileReference; lastKnownFileType = sourcecode.swift; path = B_9012.swift; sourceTree = "<group>"; };
		467F892E270F2AC900701969 /* B_1927.swift */ = {isa = PBXFileReference; lastKnownFileType = sourcecode.swift; path = B_1927.swift; sourceTree = "<group>"; };
		467F89E2270FBC8300701969 /* B_10799.swift */ = {isa = PBXFileReference; lastKnownFileType = sourcecode.swift; path = B_10799.swift; sourceTree = "<group>"; };
		467F89E5270FCE6800701969 /* B_11279.swift */ = {isa = PBXFileReference; lastKnownFileType = sourcecode.swift; path = B_11279.swift; sourceTree = "<group>"; };
		468B245C270E69F30050257A /* Baekjoon-Swift */ = {isa = PBXFileReference; explicitFileType = "compiled.mach-o.executable"; includeInIndex = 0; path = "Baekjoon-Swift"; sourceTree = BUILT_PRODUCTS_DIR; };
		468B245F270E69F30050257A /* B_2292.swift */ = {isa = PBXFileReference; lastKnownFileType = sourcecode.swift; path = B_2292.swift; sourceTree = "<group>"; };
		468B246E270E6F0F0050257A /* B_1193.swift */ = {isa = PBXFileReference; lastKnownFileType = sourcecode.swift; path = B_1193.swift; sourceTree = "<group>"; };
		468B2471270E74530050257A /* B_2869.swift */ = {isa = PBXFileReference; lastKnownFileType = sourcecode.swift; path = B_2869.swift; sourceTree = "<group>"; };
		468B2474270E7B640050257A /* B_10250.swift */ = {isa = PBXFileReference; lastKnownFileType = sourcecode.swift; path = B_10250.swift; sourceTree = "<group>"; };
		468B247A270E7FB60050257A /* B_2775.swift */ = {isa = PBXFileReference; lastKnownFileType = sourcecode.swift; path = B_2775.swift; sourceTree = "<group>"; };
		468B247D270E837F0050257A /* B_2839.swift */ = {isa = PBXFileReference; lastKnownFileType = sourcecode.swift; path = B_2839.swift; sourceTree = "<group>"; };
		468B2480270EAD6D0050257A /* B_1011.swift */ = {isa = PBXFileReference; lastKnownFileType = sourcecode.swift; path = B_1011.swift; sourceTree = "<group>"; };
		468B2483270EC5B00050257A /* B_10870.swift */ = {isa = PBXFileReference; lastKnownFileType = sourcecode.swift; path = B_10870.swift; sourceTree = "<group>"; };
		468B2486270ECD060050257A /* B_6603.swift */ = {isa = PBXFileReference; lastKnownFileType = sourcecode.swift; path = B_6603.swift; sourceTree = "<group>"; };
		468B2489270F04DE0050257A /* B_10829.swift */ = {isa = PBXFileReference; lastKnownFileType = sourcecode.swift; path = B_10829.swift; sourceTree = "<group>"; };
		468B248C270F05D10050257A /* B_10994.swift */ = {isa = PBXFileReference; lastKnownFileType = sourcecode.swift; path = B_10994.swift; sourceTree = "<group>"; };
		46ADF9A2271FF2DE009D8A72 /* B_1183.swift */ = {isa = PBXFileReference; lastKnownFileType = sourcecode.swift; path = B_1183.swift; sourceTree = "<group>"; };
		46ADF9A5271FF5D7009D8A72 /* B_10818.swift */ = {isa = PBXFileReference; lastKnownFileType = sourcecode.swift; path = B_10818.swift; sourceTree = "<group>"; };
		46ADF9CE2720F18E009D8A72 /* B_2562.swift */ = {isa = PBXFileReference; lastKnownFileType = sourcecode.swift; path = B_2562.swift; sourceTree = "<group>"; };
		46ADFA1227217762009D8A72 /* B_1205.swift */ = {isa = PBXFileReference; lastKnownFileType = sourcecode.swift; path = B_1205.swift; sourceTree = "<group>"; };
		46ADFA19272185A0009D8A72 /* B_2577.swift */ = {isa = PBXFileReference; lastKnownFileType = sourcecode.swift; path = B_2577.swift; sourceTree = "<group>"; };
		46ADFA232722FA8E009D8A72 /* B_3052.swift */ = {isa = PBXFileReference; lastKnownFileType = sourcecode.swift; path = B_3052.swift; sourceTree = "<group>"; };
		46ADFA262722FE44009D8A72 /* B_1292.swift */ = {isa = PBXFileReference; lastKnownFileType = sourcecode.swift; path = B_1292.swift; sourceTree = "<group>"; };
		46ADFA292723DFDD009D8A72 /* B_1546.swift */ = {isa = PBXFileReference; lastKnownFileType = sourcecode.swift; path = B_1546.swift; sourceTree = "<group>"; };
		46ADFA2C2723E3B6009D8A72 /* B_1010.swift */ = {isa = PBXFileReference; lastKnownFileType = sourcecode.swift; path = B_1010.swift; sourceTree = "<group>"; };
		46BAFF0E272A502000E13313 /* B_1312.swift */ = {isa = PBXFileReference; lastKnownFileType = sourcecode.swift; path = B_1312.swift; sourceTree = "<group>"; };
		46CFE32F2724EEAB00E6B827 /* B_8958.swift */ = {isa = PBXFileReference; lastKnownFileType = sourcecode.swift; path = B_8958.swift; sourceTree = "<group>"; };
		46CFE3322724F27700E6B827 /* B_1094.swift */ = {isa = PBXFileReference; lastKnownFileType = sourcecode.swift; path = B_1094.swift; sourceTree = "<group>"; };
		46CFE3352726217800E6B827 /* B_1331.swift */ = {isa = PBXFileReference; lastKnownFileType = sourcecode.swift; path = B_1331.swift; sourceTree = "<group>"; };
		46CFE33827266C5A00E6B827 /* B_4344.swift */ = {isa = PBXFileReference; lastKnownFileType = sourcecode.swift; path = B_4344.swift; sourceTree = "<group>"; };
		46CFE3F62727847A00E6B827 /* B_4673.swift */ = {isa = PBXFileReference; lastKnownFileType = sourcecode.swift; path = B_4673.swift; sourceTree = "<group>"; };
		46CFE3FB27278A9D00E6B827 /* B_1246.swift */ = {isa = PBXFileReference; lastKnownFileType = sourcecode.swift; path = B_1246.swift; sourceTree = "<group>"; };
		46CFE465272938DD00E6B827 /* B_1251.swift */ = {isa = PBXFileReference; lastKnownFileType = sourcecode.swift; path = B_1251.swift; sourceTree = "<group>"; };
/* End PBXFileReference section */

/* Begin PBXFrameworksBuildPhase section */
		468B2459270E69F30050257A /* Frameworks */ = {
			isa = PBXFrameworksBuildPhase;
			buildActionMask = 2147483647;
			files = (
			);
			runOnlyForDeploymentPostprocessing = 0;
		};
/* End PBXFrameworksBuildPhase section */

/* Begin PBXGroup section */
		4604AEF42716913D00CDFBD9 /* B_1159 */ = {
			isa = PBXGroup;
			children = (
				4604AEF52716914500CDFBD9 /* B_1159.swift */,
			);
			path = B_1159;
			sourceTree = "<group>";
		};
		4604AF362717A9EF00CDFBD9 /* B_1173 */ = {
			isa = PBXGroup;
			children = (
				4604AF372717AA1800CDFBD9 /* B_1173.swift */,
			);
			path = B_1173;
			sourceTree = "<group>";
		};
		4604AFBD2718EF8700CDFBD9 /* B_1225 */ = {
			isa = PBXGroup;
			children = (
				4604AFBE2718EFAF00CDFBD9 /* B_1225.swift */,
			);
			path = B_1225;
			sourceTree = "<group>";
		};
		4604AFD2271A859D00CDFBD9 /* B_1252 */ = {
			isa = PBXGroup;
			children = (
				4604AFD3271A85AC00CDFBD9 /* B_1252.swift */,
			);
			path = B_1252;
			sourceTree = "<group>";
		};
		4604AFDF271BBDA400CDFBD9 /* B_1032 */ = {
			isa = PBXGroup;
			children = (
				4604AFE0271BBDB400CDFBD9 /* B_1032.swift */,
			);
			path = B_1032;
			sourceTree = "<group>";
		};
		4604B00B271CECA900CDFBD9 /* B_14470 */ = {
			isa = PBXGroup;
			children = (
				4604B00C271CECB900CDFBD9 /* B_14470.swift */,
			);
			path = B_14470;
			sourceTree = "<group>";
		};
		4604B00E271CF8D500CDFBD9 /* B_14623 */ = {
			isa = PBXGroup;
			children = (
				4604B00F271CF8DC00CDFBD9 /* B_14623.swift */,
			);
			path = B_14623;
			sourceTree = "<group>";
		};
		4604B011271D063600CDFBD9 /* B_15963 */ = {
			isa = PBXGroup;
			children = (
				4604B012271D064100CDFBD9 /* B_15963.swift */,
			);
			path = B_15963;
			sourceTree = "<group>";
		};
		4604B014271D078A00CDFBD9 /* B_2010 */ = {
			isa = PBXGroup;
			children = (
				4604B015271D079100CDFBD9 /* B_2010.swift */,
			);
			path = B_2010;
			sourceTree = "<group>";
		};
		4604B043271E364100CDFBD9 /* B_6609 */ = {
			isa = PBXGroup;
			children = (
				4604B044271E365A00CDFBD9 /* B_6609.swift */,
			);
			path = B_6609;
			sourceTree = "<group>";
		};
		4604B046271E497500CDFBD9 /* B_1037 */ = {
			isa = PBXGroup;
			children = (
				4604B047271E497D00CDFBD9 /* B_1037.swift */,
			);
			path = B_1037;
			sourceTree = "<group>";
		};
		4604B049271E63C500CDFBD9 /* B_2753 */ = {
			isa = PBXGroup;
			children = (
				4604B04A271E63CD00CDFBD9 /* B_2753.swift */,
			);
			path = B_2753;
			sourceTree = "<group>";
		};
		4604B04C271E7C8400CDFBD9 /* B_14681 */ = {
			isa = PBXGroup;
			children = (
				4604B04D271E7C9400CDFBD9 /* B_14681.swift */,
			);
			path = B_14681;
			sourceTree = "<group>";
		};
		4604B04F271E7F1B00CDFBD9 /* B_1110 */ = {
			isa = PBXGroup;
			children = (
				4604B050271E7F2300CDFBD9 /* B_1110.swift */,
			);
			path = B_1110;
			sourceTree = "<group>";
		};
		461C06CC272D14C400126065 /* B_1439 */ = {
			isa = PBXGroup;
			children = (
				461C06CD272D14E800126065 /* B_1439.swift */,
			);
			path = B_1439;
			sourceTree = "<group>";
		};
		464443AF27114A120012575B /* B_15727 */ = {
			isa = PBXGroup;
			children = (
				464443B027114A220012575B /* B_15727.swift */,
			);
			path = B_15727;
			sourceTree = "<group>";
		};
		464443C52712A4320012575B /* B_13136 */ = {
			isa = PBXGroup;
			children = (
				464443C62712A43A0012575B /* B_13136.swift */,
			);
			path = B_13136;
			sourceTree = "<group>";
		};
		464443C82712B66C0012575B /* B_15680 */ = {
			isa = PBXGroup;
			children = (
				464443C92712B6790012575B /* B_15680.swift */,
			);
			path = B_15680;
			sourceTree = "<group>";
		};
		464443CB2712CBB40012575B /* B_10949 */ = {
			isa = PBXGroup;
			children = (
				464443CC2712CBD40012575B /* B_10949.swift */,
			);
			path = B_10949;
			sourceTree = "<group>";
		};
		4644440B2713F73A0012575B /* B_11047 */ = {
			isa = PBXGroup;
			children = (
				4644440C2713F74B0012575B /* B_11047.swift */,
			);
			path = B_11047;
			sourceTree = "<group>";
		};
		4644443C2714FB3B0012575B /* B_1100 */ = {
			isa = PBXGroup;
			children = (
				4644443D2714FB450012575B /* B_1100.swift */,
			);
			path = B_1100;
			sourceTree = "<group>";
		};
		4677180C272B66F5009AB223 /* B_1769 */ = {
			isa = PBXGroup;
			children = (
				4677180D272B673B009AB223 /* B_1769.swift */,
			);
			path = B_1769;
			sourceTree = "<group>";
		};
		467F8927270F104200701969 /* B_10828 */ = {
			isa = PBXGroup;
			children = (
				467F8928270F104E00701969 /* B_10828.swift */,
			);
			path = B_10828;
			sourceTree = "<group>";
		};
		467F892A270F154B00701969 /* B_9012 */ = {
			isa = PBXGroup;
			children = (
				467F892B270F155700701969 /* B_9012.swift */,
			);
			path = B_9012;
			sourceTree = "<group>";
		};
		467F892D270F2ABC00701969 /* B_1927 */ = {
			isa = PBXGroup;
			children = (
				467F892E270F2AC900701969 /* B_1927.swift */,
			);
			path = B_1927;
			sourceTree = "<group>";
		};
		467F89E1270FBC7200701969 /* B_10799 */ = {
			isa = PBXGroup;
			children = (
				467F89E2270FBC8300701969 /* B_10799.swift */,
			);
			path = B_10799;
			sourceTree = "<group>";
		};
		467F89E4270FCE5D00701969 /* B_11279 */ = {
			isa = PBXGroup;
			children = (
				467F89E5270FCE6800701969 /* B_11279.swift */,
			);
			path = B_11279;
			sourceTree = "<group>";
		};
		468B2453270E69F30050257A = {
			isa = PBXGroup;
			children = (
				468B245E270E69F30050257A /* Baekjoon-Swift */,
				468B245D270E69F30050257A /* Products */,
			);
			sourceTree = "<group>";
		};
		468B245D270E69F30050257A /* Products */ = {
			isa = PBXGroup;
			children = (
				468B245C270E69F30050257A /* Baekjoon-Swift */,
			);
			name = Products;
			sourceTree = "<group>";
		};
		468B245E270E69F30050257A /* Baekjoon-Swift */ = {
			isa = PBXGroup;
			children = (
				461C06CC272D14C400126065 /* B_1439 */,
				4677180C272B66F5009AB223 /* B_1769 */,
				46BAFF0D272A501800E13313 /* B_1312 */,
				46CFE464272938D500E6B827 /* B_1251 */,
				46CFE3FA27278A9800E6B827 /* B_1246 */,
				46CFE3F52727847300E6B827 /* B_4673 */,
				46CFE33727266C5400E6B827 /* B_4344 */,
				46CFE3342726217100E6B827 /* B_1331 */,
				46CFE3312724F26A00E6B827 /* B_1094 */,
				46CFE32E2724EE9F00E6B827 /* B_8958 */,
				46ADFA2B2723E3B0009D8A72 /* B_1010 */,
				46ADFA282723DFD5009D8A72 /* B_1546 */,
				46ADFA252722FE2E009D8A72 /* B_1292 */,
				46ADFA202722FA71009D8A72 /* B_3052 */,
				46ADFA182721859B009D8A72 /* B_2577 */,
				46ADFA1127217756009D8A72 /* B_1205 */,
				46ADF9CD2720F186009D8A72 /* B_2562 */,
				46ADF9A4271FF5D2009D8A72 /* B_10818 */,
				46ADF9A1271FF2D7009D8A72 /* B_1183 */,
				4604B04F271E7F1B00CDFBD9 /* B_1110 */,
				4604B04C271E7C8400CDFBD9 /* B_14681 */,
				4604B049271E63C500CDFBD9 /* B_2753 */,
				4604B046271E497500CDFBD9 /* B_1037 */,
				4604B043271E364100CDFBD9 /* B_6609 */,
				4604B014271D078A00CDFBD9 /* B_2010 */,
				4604B011271D063600CDFBD9 /* B_15963 */,
				4604B00E271CF8D500CDFBD9 /* B_14623 */,
				4604B00B271CECA900CDFBD9 /* B_14470 */,
				4604AFDF271BBDA400CDFBD9 /* B_1032 */,
				4604AFD2271A859D00CDFBD9 /* B_1252 */,
				4604AFBD2718EF8700CDFBD9 /* B_1225 */,
				4604AF362717A9EF00CDFBD9 /* B_1173 */,
				4604AEF42716913D00CDFBD9 /* B_1159 */,
				4644443C2714FB3B0012575B /* B_1100 */,
				4644440B2713F73A0012575B /* B_11047 */,
				464443CB2712CBB40012575B /* B_10949 */,
				464443C82712B66C0012575B /* B_15680 */,
				464443C52712A4320012575B /* B_13136 */,
				464443AF27114A120012575B /* B_15727 */,
				467F89E4270FCE5D00701969 /* B_11279 */,
				467F89E1270FBC7200701969 /* B_10799 */,
				467F892D270F2ABC00701969 /* B_1927 */,
				467F892A270F154B00701969 /* B_9012 */,
				467F8927270F104200701969 /* B_10828 */,
				468B248B270F05C20050257A /* B_10994 */,
				468B2488270F04D30050257A /* B_10829 */,
				468B2485270ECCFE0050257A /* B_6603 */,
				468B2482270EC5A80050257A /* B_10870 */,
				468B247F270EAD5D0050257A /* B_1011 */,
				468B247C270E83790050257A /* B_2839 */,
				468B2479270E7FA50050257A /* B_2775 */,
				468B2473270E7B260050257A /* B_10250 */,
				468B2470270E73F60050257A /* B_2869 */,
				468B2469270E6B230050257A /* B_1193 */,
				468B2468270E6A700050257A /* B_2292 */,
			);
			path = "Baekjoon-Swift";
			sourceTree = "<group>";
		};
		468B2468270E6A700050257A /* B_2292 */ = {
			isa = PBXGroup;
			children = (
				468B245F270E69F30050257A /* B_2292.swift */,
			);
			path = B_2292;
			sourceTree = "<group>";
		};
		468B2469270E6B230050257A /* B_1193 */ = {
			isa = PBXGroup;
			children = (
				468B246E270E6F0F0050257A /* B_1193.swift */,
			);
			path = B_1193;
			sourceTree = "<group>";
		};
		468B2470270E73F60050257A /* B_2869 */ = {
			isa = PBXGroup;
			children = (
				468B2471270E74530050257A /* B_2869.swift */,
			);
			path = B_2869;
			sourceTree = "<group>";
		};
		468B2473270E7B260050257A /* B_10250 */ = {
			isa = PBXGroup;
			children = (
				468B2474270E7B640050257A /* B_10250.swift */,
			);
			path = B_10250;
			sourceTree = "<group>";
		};
		468B2479270E7FA50050257A /* B_2775 */ = {
			isa = PBXGroup;
			children = (
				468B247A270E7FB60050257A /* B_2775.swift */,
			);
			path = B_2775;
			sourceTree = "<group>";
		};
		468B247C270E83790050257A /* B_2839 */ = {
			isa = PBXGroup;
			children = (
				468B247D270E837F0050257A /* B_2839.swift */,
			);
			path = B_2839;
			sourceTree = "<group>";
		};
		468B247F270EAD5D0050257A /* B_1011 */ = {
			isa = PBXGroup;
			children = (
				468B2480270EAD6D0050257A /* B_1011.swift */,
			);
			path = B_1011;
			sourceTree = "<group>";
		};
		468B2482270EC5A80050257A /* B_10870 */ = {
			isa = PBXGroup;
			children = (
				468B2483270EC5B00050257A /* B_10870.swift */,
			);
			path = B_10870;
			sourceTree = "<group>";
		};
		468B2485270ECCFE0050257A /* B_6603 */ = {
			isa = PBXGroup;
			children = (
				468B2486270ECD060050257A /* B_6603.swift */,
			);
			path = B_6603;
			sourceTree = "<group>";
		};
		468B2488270F04D30050257A /* B_10829 */ = {
			isa = PBXGroup;
			children = (
				468B2489270F04DE0050257A /* B_10829.swift */,
			);
			path = B_10829;
			sourceTree = "<group>";
		};
		468B248B270F05C20050257A /* B_10994 */ = {
			isa = PBXGroup;
			children = (
				468B248C270F05D10050257A /* B_10994.swift */,
			);
			path = B_10994;
			sourceTree = "<group>";
		};
		46ADF9A1271FF2D7009D8A72 /* B_1183 */ = {
			isa = PBXGroup;
			children = (
				46ADF9A2271FF2DE009D8A72 /* B_1183.swift */,
			);
			path = B_1183;
			sourceTree = "<group>";
		};
		46ADF9A4271FF5D2009D8A72 /* B_10818 */ = {
			isa = PBXGroup;
			children = (
				46ADF9A5271FF5D7009D8A72 /* B_10818.swift */,
			);
			path = B_10818;
			sourceTree = "<group>";
		};
		46ADF9CD2720F186009D8A72 /* B_2562 */ = {
			isa = PBXGroup;
			children = (
				46ADF9CE2720F18E009D8A72 /* B_2562.swift */,
			);
			path = B_2562;
			sourceTree = "<group>";
		};
		46ADFA1127217756009D8A72 /* B_1205 */ = {
			isa = PBXGroup;
			children = (
				46ADFA1227217762009D8A72 /* B_1205.swift */,
			);
			path = B_1205;
			sourceTree = "<group>";
		};
		46ADFA182721859B009D8A72 /* B_2577 */ = {
			isa = PBXGroup;
			children = (
				46ADFA19272185A0009D8A72 /* B_2577.swift */,
			);
			path = B_2577;
			sourceTree = "<group>";
		};
		46ADFA202722FA71009D8A72 /* B_3052 */ = {
			isa = PBXGroup;
			children = (
				46ADFA232722FA8E009D8A72 /* B_3052.swift */,
			);
			path = B_3052;
			sourceTree = "<group>";
		};
		46ADFA252722FE2E009D8A72 /* B_1292 */ = {
			isa = PBXGroup;
			children = (
				46ADFA262722FE44009D8A72 /* B_1292.swift */,
			);
			path = B_1292;
			sourceTree = "<group>";
		};
		46ADFA282723DFD5009D8A72 /* B_1546 */ = {
			isa = PBXGroup;
			children = (
				46ADFA292723DFDD009D8A72 /* B_1546.swift */,
			);
			path = B_1546;
			sourceTree = "<group>";
		};
		46ADFA2B2723E3B0009D8A72 /* B_1010 */ = {
			isa = PBXGroup;
			children = (
				46ADFA2C2723E3B6009D8A72 /* B_1010.swift */,
			);
			path = B_1010;
			sourceTree = "<group>";
		};
		46BAFF0D272A501800E13313 /* B_1312 */ = {
			isa = PBXGroup;
			children = (
				46BAFF0E272A502000E13313 /* B_1312.swift */,
			);
			path = B_1312;
			sourceTree = "<group>";
		};
		46CFE32E2724EE9F00E6B827 /* B_8958 */ = {
			isa = PBXGroup;
			children = (
				46CFE32F2724EEAB00E6B827 /* B_8958.swift */,
			);
			path = B_8958;
			sourceTree = "<group>";
		};
		46CFE3312724F26A00E6B827 /* B_1094 */ = {
			isa = PBXGroup;
			children = (
				46CFE3322724F27700E6B827 /* B_1094.swift */,
			);
			path = B_1094;
			sourceTree = "<group>";
		};
		46CFE3342726217100E6B827 /* B_1331 */ = {
			isa = PBXGroup;
			children = (
				46CFE3352726217800E6B827 /* B_1331.swift */,
			);
			path = B_1331;
			sourceTree = "<group>";
		};
		46CFE33727266C5400E6B827 /* B_4344 */ = {
			isa = PBXGroup;
			children = (
				46CFE33827266C5A00E6B827 /* B_4344.swift */,
			);
			path = B_4344;
			sourceTree = "<group>";
		};
		46CFE3F52727847300E6B827 /* B_4673 */ = {
			isa = PBXGroup;
			children = (
				46CFE3F62727847A00E6B827 /* B_4673.swift */,
			);
			path = B_4673;
			sourceTree = "<group>";
		};
		46CFE3FA27278A9800E6B827 /* B_1246 */ = {
			isa = PBXGroup;
			children = (
				46CFE3FB27278A9D00E6B827 /* B_1246.swift */,
			);
			path = B_1246;
			sourceTree = "<group>";
		};
		46CFE464272938D500E6B827 /* B_1251 */ = {
			isa = PBXGroup;
			children = (
				46CFE465272938DD00E6B827 /* B_1251.swift */,
			);
			path = B_1251;
			sourceTree = "<group>";
		};
/* End PBXGroup section */

/* Begin PBXNativeTarget section */
		468B245B270E69F30050257A /* Baekjoon-Swift */ = {
			isa = PBXNativeTarget;
			buildConfigurationList = 468B2463270E69F30050257A /* Build configuration list for PBXNativeTarget "Baekjoon-Swift" */;
			buildPhases = (
				468B2458270E69F30050257A /* Sources */,
				468B2459270E69F30050257A /* Frameworks */,
				468B245A270E69F30050257A /* CopyFiles */,
			);
			buildRules = (
			);
			dependencies = (
			);
			name = "Baekjoon-Swift";
			productName = "Baekjoon-Swift";
			productReference = 468B245C270E69F30050257A /* Baekjoon-Swift */;
			productType = "com.apple.product-type.tool";
		};
/* End PBXNativeTarget section */

/* Begin PBXProject section */
		468B2454270E69F30050257A /* Project object */ = {
			isa = PBXProject;
			attributes = {
				BuildIndependentTargetsInParallel = 1;
				LastSwiftUpdateCheck = 1300;
				LastUpgradeCheck = 1300;
				TargetAttributes = {
					468B245B270E69F30050257A = {
						CreatedOnToolsVersion = 13.0;
						LastSwiftMigration = 1300;
					};
				};
			};
			buildConfigurationList = 468B2457270E69F30050257A /* Build configuration list for PBXProject "Baekjoon-Swift" */;
			compatibilityVersion = "Xcode 13.0";
			developmentRegion = en;
			hasScannedForEncodings = 0;
			knownRegions = (
				en,
				Base,
			);
			mainGroup = 468B2453270E69F30050257A;
			productRefGroup = 468B245D270E69F30050257A /* Products */;
			projectDirPath = "";
			projectRoot = "";
			targets = (
				468B245B270E69F30050257A /* Baekjoon-Swift */,
			);
		};
/* End PBXProject section */

/* Begin PBXSourcesBuildPhase section */
		468B2458270E69F30050257A /* Sources */ = {
			isa = PBXSourcesBuildPhase;
			buildActionMask = 2147483647;
			files = (
				461C06CE272D14E800126065 /* B_1439.swift in Sources */,
			);
			runOnlyForDeploymentPostprocessing = 0;
		};
/* End PBXSourcesBuildPhase section */

/* Begin XCBuildConfiguration section */
		468B2461270E69F30050257A /* Debug */ = {
			isa = XCBuildConfiguration;
			buildSettings = {
				ALWAYS_SEARCH_USER_PATHS = NO;
				CLANG_ANALYZER_NONNULL = YES;
				CLANG_ANALYZER_NUMBER_OBJECT_CONVERSION = YES_AGGRESSIVE;
				CLANG_CXX_LANGUAGE_STANDARD = "gnu++17";
				CLANG_CXX_LIBRARY = "libc++";
				CLANG_ENABLE_MODULES = YES;
				CLANG_ENABLE_OBJC_ARC = YES;
				CLANG_ENABLE_OBJC_WEAK = YES;
				CLANG_WARN_BLOCK_CAPTURE_AUTORELEASING = YES;
				CLANG_WARN_BOOL_CONVERSION = YES;
				CLANG_WARN_COMMA = YES;
				CLANG_WARN_CONSTANT_CONVERSION = YES;
				CLANG_WARN_DEPRECATED_OBJC_IMPLEMENTATIONS = YES;
				CLANG_WARN_DIRECT_OBJC_ISA_USAGE = YES_ERROR;
				CLANG_WARN_DOCUMENTATION_COMMENTS = YES;
				CLANG_WARN_EMPTY_BODY = YES;
				CLANG_WARN_ENUM_CONVERSION = YES;
				CLANG_WARN_INFINITE_RECURSION = YES;
				CLANG_WARN_INT_CONVERSION = YES;
				CLANG_WARN_NON_LITERAL_NULL_CONVERSION = YES;
				CLANG_WARN_OBJC_IMPLICIT_RETAIN_SELF = YES;
				CLANG_WARN_OBJC_LITERAL_CONVERSION = YES;
				CLANG_WARN_OBJC_ROOT_CLASS = YES_ERROR;
				CLANG_WARN_QUOTED_INCLUDE_IN_FRAMEWORK_HEADER = YES;
				CLANG_WARN_RANGE_LOOP_ANALYSIS = YES;
				CLANG_WARN_STRICT_PROTOTYPES = YES;
				CLANG_WARN_SUSPICIOUS_MOVE = YES;
				CLANG_WARN_UNGUARDED_AVAILABILITY = YES_AGGRESSIVE;
				CLANG_WARN_UNREACHABLE_CODE = YES;
				CLANG_WARN__DUPLICATE_METHOD_MATCH = YES;
				COPY_PHASE_STRIP = NO;
				DEBUG_INFORMATION_FORMAT = dwarf;
				ENABLE_STRICT_OBJC_MSGSEND = YES;
				ENABLE_TESTABILITY = YES;
				GCC_C_LANGUAGE_STANDARD = gnu11;
				GCC_DYNAMIC_NO_PIC = NO;
				GCC_NO_COMMON_BLOCKS = YES;
				GCC_OPTIMIZATION_LEVEL = 0;
				GCC_PREPROCESSOR_DEFINITIONS = (
					"DEBUG=1",
					"$(inherited)",
				);
				GCC_WARN_64_TO_32_BIT_CONVERSION = YES;
				GCC_WARN_ABOUT_RETURN_TYPE = YES_ERROR;
				GCC_WARN_UNDECLARED_SELECTOR = YES;
				GCC_WARN_UNINITIALIZED_AUTOS = YES_AGGRESSIVE;
				GCC_WARN_UNUSED_FUNCTION = YES;
				GCC_WARN_UNUSED_VARIABLE = YES;
				MACOSX_DEPLOYMENT_TARGET = 11.3;
				MTL_ENABLE_DEBUG_INFO = INCLUDE_SOURCE;
				MTL_FAST_MATH = YES;
				ONLY_ACTIVE_ARCH = YES;
				SDKROOT = macosx;
				SWIFT_ACTIVE_COMPILATION_CONDITIONS = DEBUG;
				SWIFT_OPTIMIZATION_LEVEL = "-Onone";
			};
			name = Debug;
		};
		468B2462270E69F30050257A /* Release */ = {
			isa = XCBuildConfiguration;
			buildSettings = {
				ALWAYS_SEARCH_USER_PATHS = NO;
				CLANG_ANALYZER_NONNULL = YES;
				CLANG_ANALYZER_NUMBER_OBJECT_CONVERSION = YES_AGGRESSIVE;
				CLANG_CXX_LANGUAGE_STANDARD = "gnu++17";
				CLANG_CXX_LIBRARY = "libc++";
				CLANG_ENABLE_MODULES = YES;
				CLANG_ENABLE_OBJC_ARC = YES;
				CLANG_ENABLE_OBJC_WEAK = YES;
				CLANG_WARN_BLOCK_CAPTURE_AUTORELEASING = YES;
				CLANG_WARN_BOOL_CONVERSION = YES;
				CLANG_WARN_COMMA = YES;
				CLANG_WARN_CONSTANT_CONVERSION = YES;
				CLANG_WARN_DEPRECATED_OBJC_IMPLEMENTATIONS = YES;
				CLANG_WARN_DIRECT_OBJC_ISA_USAGE = YES_ERROR;
				CLANG_WARN_DOCUMENTATION_COMMENTS = YES;
				CLANG_WARN_EMPTY_BODY = YES;
				CLANG_WARN_ENUM_CONVERSION = YES;
				CLANG_WARN_INFINITE_RECURSION = YES;
				CLANG_WARN_INT_CONVERSION = YES;
				CLANG_WARN_NON_LITERAL_NULL_CONVERSION = YES;
				CLANG_WARN_OBJC_IMPLICIT_RETAIN_SELF = YES;
				CLANG_WARN_OBJC_LITERAL_CONVERSION = YES;
				CLANG_WARN_OBJC_ROOT_CLASS = YES_ERROR;
				CLANG_WARN_QUOTED_INCLUDE_IN_FRAMEWORK_HEADER = YES;
				CLANG_WARN_RANGE_LOOP_ANALYSIS = YES;
				CLANG_WARN_STRICT_PROTOTYPES = YES;
				CLANG_WARN_SUSPICIOUS_MOVE = YES;
				CLANG_WARN_UNGUARDED_AVAILABILITY = YES_AGGRESSIVE;
				CLANG_WARN_UNREACHABLE_CODE = YES;
				CLANG_WARN__DUPLICATE_METHOD_MATCH = YES;
				COPY_PHASE_STRIP = NO;
				DEBUG_INFORMATION_FORMAT = "dwarf-with-dsym";
				ENABLE_NS_ASSERTIONS = NO;
				ENABLE_STRICT_OBJC_MSGSEND = YES;
				GCC_C_LANGUAGE_STANDARD = gnu11;
				GCC_NO_COMMON_BLOCKS = YES;
				GCC_WARN_64_TO_32_BIT_CONVERSION = YES;
				GCC_WARN_ABOUT_RETURN_TYPE = YES_ERROR;
				GCC_WARN_UNDECLARED_SELECTOR = YES;
				GCC_WARN_UNINITIALIZED_AUTOS = YES_AGGRESSIVE;
				GCC_WARN_UNUSED_FUNCTION = YES;
				GCC_WARN_UNUSED_VARIABLE = YES;
				MACOSX_DEPLOYMENT_TARGET = 11.3;
				MTL_ENABLE_DEBUG_INFO = NO;
				MTL_FAST_MATH = YES;
				SDKROOT = macosx;
				SWIFT_COMPILATION_MODE = wholemodule;
				SWIFT_OPTIMIZATION_LEVEL = "-O";
			};
			name = Release;
		};
		468B2464270E69F30050257A /* Debug */ = {
			isa = XCBuildConfiguration;
			buildSettings = {
				CLANG_ENABLE_MODULES = YES;
				CODE_SIGN_STYLE = Automatic;
				LD_RUNPATH_SEARCH_PATHS = (
					"$(inherited)",
					"@executable_path/../Frameworks",
					"@loader_path/../Frameworks",
				);
				PRODUCT_NAME = "$(TARGET_NAME)";
				SWIFT_OPTIMIZATION_LEVEL = "-Onone";
				SWIFT_VERSION = 5.0;
			};
			name = Debug;
		};
		468B2465270E69F30050257A /* Release */ = {
			isa = XCBuildConfiguration;
			buildSettings = {
				CLANG_ENABLE_MODULES = YES;
				CODE_SIGN_STYLE = Automatic;
				LD_RUNPATH_SEARCH_PATHS = (
					"$(inherited)",
					"@executable_path/../Frameworks",
					"@loader_path/../Frameworks",
				);
				PRODUCT_NAME = "$(TARGET_NAME)";
				SWIFT_VERSION = 5.0;
			};
			name = Release;
		};
/* End XCBuildConfiguration section */

/* Begin XCConfigurationList section */
		468B2457270E69F30050257A /* Build configuration list for PBXProject "Baekjoon-Swift" */ = {
			isa = XCConfigurationList;
			buildConfigurations = (
				468B2461270E69F30050257A /* Debug */,
				468B2462270E69F30050257A /* Release */,
			);
			defaultConfigurationIsVisible = 0;
			defaultConfigurationName = Release;
		};
		468B2463270E69F30050257A /* Build configuration list for PBXNativeTarget "Baekjoon-Swift" */ = {
			isa = XCConfigurationList;
			buildConfigurations = (
				468B2464270E69F30050257A /* Debug */,
				468B2465270E69F30050257A /* Release */,
			);
			defaultConfigurationIsVisible = 0;
			defaultConfigurationName = Release;
		};
/* End XCConfigurationList section */
	};
	rootObject = 468B2454270E69F30050257A /* Project object */;
}
