// !$*UTF8*$!
{
	archiveVersion = 1;
	classes = {
	};
	objectVersion = 55;
	objects = {

/* Begin PBXBuildFile section */
		468C164B27696C960027103F /* B_11721.swift in Sources */ = {isa = PBXBuildFile; fileRef = 468C164A27696C960027103F /* B_11721.swift */; };
/* End PBXBuildFile section */

/* Begin PBXCopyFilesBuildPhase section */
		468B245A270E69F30050257A /* CopyFiles */ = {
			isa = PBXCopyFilesBuildPhase;
			buildActionMask = 2147483647;
			dstPath = /usr/share/man/man1/;
			dstSubfolderSpec = 0;
			files = (
			);
			runOnlyForDeploymentPostprocessing = 1;
		};
/* End PBXCopyFilesBuildPhase section */

/* Begin PBXFileReference section */
		4604AEF52716914500CDFBD9 /* B_1159.swift */ = {isa = PBXFileReference; lastKnownFileType = sourcecode.swift; path = B_1159.swift; sourceTree = "<group>"; };
		4604AF372717AA1800CDFBD9 /* B_1173.swift */ = {isa = PBXFileReference; lastKnownFileType = sourcecode.swift; path = B_1173.swift; sourceTree = "<group>"; };
		4604AFBE2718EFAF00CDFBD9 /* B_1225.swift */ = {isa = PBXFileReference; lastKnownFileType = sourcecode.swift; path = B_1225.swift; sourceTree = "<group>"; };
		4604AFD3271A85AC00CDFBD9 /* B_1252.swift */ = {isa = PBXFileReference; lastKnownFileType = sourcecode.swift; path = B_1252.swift; sourceTree = "<group>"; };
		4604AFE0271BBDB400CDFBD9 /* B_1032.swift */ = {isa = PBXFileReference; lastKnownFileType = sourcecode.swift; path = B_1032.swift; sourceTree = "<group>"; };
		4604B00C271CECB900CDFBD9 /* B_14470.swift */ = {isa = PBXFileReference; lastKnownFileType = sourcecode.swift; path = B_14470.swift; sourceTree = "<group>"; };
		4604B00F271CF8DC00CDFBD9 /* B_14623.swift */ = {isa = PBXFileReference; lastKnownFileType = sourcecode.swift; path = B_14623.swift; sourceTree = "<group>"; };
		4604B012271D064100CDFBD9 /* B_15963.swift */ = {isa = PBXFileReference; lastKnownFileType = sourcecode.swift; path = B_15963.swift; sourceTree = "<group>"; };
		4604B015271D079100CDFBD9 /* B_2010.swift */ = {isa = PBXFileReference; lastKnownFileType = sourcecode.swift; path = B_2010.swift; sourceTree = "<group>"; };
		4604B044271E365A00CDFBD9 /* B_6609.swift */ = {isa = PBXFileReference; lastKnownFileType = sourcecode.swift; path = B_6609.swift; sourceTree = "<group>"; };
		4604B047271E497D00CDFBD9 /* B_1037.swift */ = {isa = PBXFileReference; lastKnownFileType = sourcecode.swift; path = B_1037.swift; sourceTree = "<group>"; };
		4604B04A271E63CD00CDFBD9 /* B_2753.swift */ = {isa = PBXFileReference; lastKnownFileType = sourcecode.swift; path = B_2753.swift; sourceTree = "<group>"; };
		4604B04D271E7C9400CDFBD9 /* B_14681.swift */ = {isa = PBXFileReference; lastKnownFileType = sourcecode.swift; path = B_14681.swift; sourceTree = "<group>"; };
		4604B050271E7F2300CDFBD9 /* B_1110.swift */ = {isa = PBXFileReference; lastKnownFileType = sourcecode.swift; path = B_1110.swift; sourceTree = "<group>"; };
		461504682743398E007A28C4 /* B_16394.swift */ = {isa = PBXFileReference; lastKnownFileType = sourcecode.swift; path = B_16394.swift; sourceTree = "<group>"; };
		461504A927446F60007A28C4 /* B_15733.swift */ = {isa = PBXFileReference; lastKnownFileType = sourcecode.swift; path = B_15733.swift; sourceTree = "<group>"; };
		461504AC2744C52F007A28C4 /* B_22988.swift */ = {isa = PBXFileReference; lastKnownFileType = sourcecode.swift; path = B_22988.swift; sourceTree = "<group>"; };
		461504AF2744F180007A28C4 /* B_2920.swift */ = {isa = PBXFileReference; lastKnownFileType = sourcecode.swift; path = B_2920.swift; sourceTree = "<group>"; };
		461C06CD272D14E800126065 /* B_1439.swift */ = {isa = PBXFileReference; lastKnownFileType = sourcecode.swift; path = B_1439.swift; sourceTree = "<group>"; };
		461FA7FD2758A343003C582C /* B_10170.swift */ = {isa = PBXFileReference; lastKnownFileType = sourcecode.swift; path = B_10170.swift; sourceTree = "<group>"; };
		461FA83F275A39F2003C582C /* B_19944.swift */ = {isa = PBXFileReference; lastKnownFileType = sourcecode.swift; path = B_19944.swift; sourceTree = "<group>"; };
		461FA842275B8367003C582C /* B_2693.swift */ = {isa = PBXFileReference; lastKnownFileType = sourcecode.swift; path = B_2693.swift; sourceTree = "<group>"; };
		461FA845275C8D06003C582C /* B_7785.swift */ = {isa = PBXFileReference; lastKnownFileType = sourcecode.swift; path = B_7785.swift; sourceTree = "<group>"; };
		4628F5002739E571004482D7 /* B_2748.swift */ = {isa = PBXFileReference; lastKnownFileType = sourcecode.swift; path = B_2748.swift; sourceTree = "<group>"; };
		4628F5032739EEC1004482D7 /* B_9471.swift */ = {isa = PBXFileReference; lastKnownFileType = sourcecode.swift; path = B_9471.swift; sourceTree = "<group>"; };
		4628F5062739F1FA004482D7 /* B_2749.swift */ = {isa = PBXFileReference; lastKnownFileType = sourcecode.swift; path = B_2749.swift; sourceTree = "<group>"; };
		4628F552273B5C72004482D7 /* B_1026.swift */ = {isa = PBXFileReference; lastKnownFileType = sourcecode.swift; path = B_1026.swift; sourceTree = "<group>"; };
		4628F63E273C9204004482D7 /* B_1764.swift */ = {isa = PBXFileReference; lastKnownFileType = sourcecode.swift; path = B_1764.swift; sourceTree = "<group>"; };
		4628F68A273CF673004482D7 /* B_2609.swift */ = {isa = PBXFileReference; lastKnownFileType = sourcecode.swift; path = B_2609.swift; sourceTree = "<group>"; };
		4628F68D273D23AE004482D7 /* B_11050.swift */ = {isa = PBXFileReference; lastKnownFileType = sourcecode.swift; path = B_11050.swift; sourceTree = "<group>"; };
		462E0C2A2762CB2100ECF362 /* B_1075.swift */ = {isa = PBXFileReference; lastKnownFileType = sourcecode.swift; path = B_1075.swift; sourceTree = "<group>"; };
		46372D68274219490073E03D /* B_16170.swift */ = {isa = PBXFileReference; lastKnownFileType = sourcecode.swift; path = B_16170.swift; sourceTree = "<group>"; };
		464443B027114A220012575B /* B_15727.swift */ = {isa = PBXFileReference; lastKnownFileType = sourcecode.swift; path = B_15727.swift; sourceTree = "<group>"; };
		464443C62712A43A0012575B /* B_13136.swift */ = {isa = PBXFileReference; lastKnownFileType = sourcecode.swift; path = B_13136.swift; sourceTree = "<group>"; };
		464443C92712B6790012575B /* B_15680.swift */ = {isa = PBXFileReference; lastKnownFileType = sourcecode.swift; path = B_15680.swift; sourceTree = "<group>"; };
		464443CC2712CBD40012575B /* B_10949.swift */ = {isa = PBXFileReference; lastKnownFileType = sourcecode.swift; path = B_10949.swift; sourceTree = "<group>"; };
		4644440C2713F74B0012575B /* B_11047.swift */ = {isa = PBXFileReference; lastKnownFileType = sourcecode.swift; path = B_11047.swift; sourceTree = "<group>"; };
		4644443D2714FB450012575B /* B_1100.swift */ = {isa = PBXFileReference; lastKnownFileType = sourcecode.swift; path = B_1100.swift; sourceTree = "<group>"; };
		465C9368276034F600F90369 /* B_1673.swift */ = {isa = PBXFileReference; lastKnownFileType = sourcecode.swift; path = B_1673.swift; sourceTree = "<group>"; };
		4664ACB7273DDF7000A2D09A /* B_2204.swift */ = {isa = PBXFileReference; lastKnownFileType = sourcecode.swift; path = B_2204.swift; sourceTree = "<group>"; };
		4664ACC0273F792400A2D09A /* B_15829.swift */ = {isa = PBXFileReference; lastKnownFileType = sourcecode.swift; path = B_15829.swift; sourceTree = "<group>"; };
		4677180D272B673B009AB223 /* B_1769.swift */ = {isa = PBXFileReference; lastKnownFileType = sourcecode.swift; path = B_1769.swift; sourceTree = "<group>"; };
		467B981D2740220B004DFCD3 /* B_1076.swift */ = {isa = PBXFileReference; lastKnownFileType = sourcecode.swift; path = B_1076.swift; sourceTree = "<group>"; };
		467DB971275D8961003C13C8 /* B_1406.swift */ = {isa = PBXFileReference; lastKnownFileType = sourcecode.swift; path = B_1406.swift; sourceTree = "<group>"; };
		467DBA07275EDD31003C13C8 /* B_2754.swift */ = {isa = PBXFileReference; lastKnownFileType = sourcecode.swift; path = B_2754.swift; sourceTree = "<group>"; };
		467F8928270F104E00701969 /* B_10828.swift */ = {isa = PBXFileReference; lastKnownFileType = sourcecode.swift; path = B_10828.swift; sourceTree = "<group>"; };
		467F892B270F155700701969 /* B_9012.swift */ = {isa = PBXFileReference; lastKnownFileType = sourcecode.swift; path = B_9012.swift; sourceTree = "<group>"; };
		467F892E270F2AC900701969 /* B_1927.swift */ = {isa = PBXFileReference; lastKnownFileType = sourcecode.swift; path = B_1927.swift; sourceTree = "<group>"; };
		467F89E2270FBC8300701969 /* B_10799.swift */ = {isa = PBXFileReference; lastKnownFileType = sourcecode.swift; path = B_10799.swift; sourceTree = "<group>"; };
		467F89E5270FCE6800701969 /* B_11279.swift */ = {isa = PBXFileReference; lastKnownFileType = sourcecode.swift; path = B_11279.swift; sourceTree = "<group>"; };
		468B245C270E69F30050257A /* Baekjoon-Swift */ = {isa = PBXFileReference; explicitFileType = "compiled.mach-o.executable"; includeInIndex = 0; path = "Baekjoon-Swift"; sourceTree = BUILT_PRODUCTS_DIR; };
		468B245F270E69F30050257A /* B_2292.swift */ = {isa = PBXFileReference; lastKnownFileType = sourcecode.swift; path = B_2292.swift; sourceTree = "<group>"; };
		468B246E270E6F0F0050257A /* B_1193.swift */ = {isa = PBXFileReference; lastKnownFileType = sourcecode.swift; path = B_1193.swift; sourceTree = "<group>"; };
		468B2471270E74530050257A /* B_2869.swift */ = {isa = PBXFileReference; lastKnownFileType = sourcecode.swift; path = B_2869.swift; sourceTree = "<group>"; };
		468B2474270E7B640050257A /* B_10250.swift */ = {isa = PBXFileReference; lastKnownFileType = sourcecode.swift; path = B_10250.swift; sourceTree = "<group>"; };
		468B247A270E7FB60050257A /* B_2775.swift */ = {isa = PBXFileReference; lastKnownFileType = sourcecode.swift; path = B_2775.swift; sourceTree = "<group>"; };
		468B247D270E837F0050257A /* B_2839.swift */ = {isa = PBXFileReference; lastKnownFileType = sourcecode.swift; path = B_2839.swift; sourceTree = "<group>"; };
		468B2480270EAD6D0050257A /* B_1011.swift */ = {isa = PBXFileReference; lastKnownFileType = sourcecode.swift; path = B_1011.swift; sourceTree = "<group>"; };
		468B2483270EC5B00050257A /* B_10870.swift */ = {isa = PBXFileReference; lastKnownFileType = sourcecode.swift; path = B_10870.swift; sourceTree = "<group>"; };
		468B2486270ECD060050257A /* B_6603.swift */ = {isa = PBXFileReference; lastKnownFileType = sourcecode.swift; path = B_6603.swift; sourceTree = "<group>"; };
		468B2489270F04DE0050257A /* B_10829.swift */ = {isa = PBXFileReference; lastKnownFileType = sourcecode.swift; path = B_10829.swift; sourceTree = "<group>"; };
		468B248C270F05D10050257A /* B_10994.swift */ = {isa = PBXFileReference; lastKnownFileType = sourcecode.swift; path = B_10994.swift; sourceTree = "<group>"; };
		468C14C92763A70C0027103F /* B_1568.swift */ = {isa = PBXFileReference; lastKnownFileType = sourcecode.swift; path = B_1568.swift; sourceTree = "<group>"; };
		468C156F2764D07D0027103F /* B_2440.swift */ = {isa = PBXFileReference; lastKnownFileType = sourcecode.swift; path = B_2440.swift; sourceTree = "<group>"; };
		468C15722764F4F70027103F /* B_2441.swift */ = {isa = PBXFileReference; lastKnownFileType = sourcecode.swift; path = B_2441.swift; sourceTree = "<group>"; };
		468C157E2765D1840027103F /* B_1350.swift */ = {isa = PBXFileReference; lastKnownFileType = sourcecode.swift; path = B_1350.swift; sourceTree = "<group>"; };
		468C15822766BD9D0027103F /* B_20492.swift */ = {isa = PBXFileReference; lastKnownFileType = sourcecode.swift; path = B_20492.swift; sourceTree = "<group>"; };
		468C162E276844B10027103F /* B_15873.swift */ = {isa = PBXFileReference; lastKnownFileType = sourcecode.swift; path = B_15873.swift; sourceTree = "<group>"; };
		468C164A27696C960027103F /* B_11721.swift */ = {isa = PBXFileReference; lastKnownFileType = sourcecode.swift; path = B_11721.swift; sourceTree = "<group>"; };
		469897E72748E7090091A6FF /* B_1302.swift */ = {isa = PBXFileReference; lastKnownFileType = sourcecode.swift; path = B_1302.swift; sourceTree = "<group>"; };
		469897EA2749E0A40091A6FF /* B_9093.swift */ = {isa = PBXFileReference; lastKnownFileType = sourcecode.swift; path = B_9093.swift; sourceTree = "<group>"; };
		469897ED274B5E9A0091A6FF /* B_4158.swift */ = {isa = PBXFileReference; lastKnownFileType = sourcecode.swift; path = B_4158.swift; sourceTree = "<group>"; };
		469897F0274B6D330091A6FF /* B_1920.swift */ = {isa = PBXFileReference; lastKnownFileType = sourcecode.swift; path = B_1920.swift; sourceTree = "<group>"; };
		46AB51A627473DB000B16C95 /* B_15964.swift */ = {isa = PBXFileReference; lastKnownFileType = sourcecode.swift; path = B_15964.swift; sourceTree = "<group>"; };
		46ADF9A2271FF2DE009D8A72 /* B_1183.swift */ = {isa = PBXFileReference; lastKnownFileType = sourcecode.swift; path = B_1183.swift; sourceTree = "<group>"; };
		46ADF9A5271FF5D7009D8A72 /* B_10818.swift */ = {isa = PBXFileReference; lastKnownFileType = sourcecode.swift; path = B_10818.swift; sourceTree = "<group>"; };
		46ADF9CE2720F18E009D8A72 /* B_2562.swift */ = {isa = PBXFileReference; lastKnownFileType = sourcecode.swift; path = B_2562.swift; sourceTree = "<group>"; };
		46ADFA1227217762009D8A72 /* B_1205.swift */ = {isa = PBXFileReference; lastKnownFileType = sourcecode.swift; path = B_1205.swift; sourceTree = "<group>"; };
		46ADFA19272185A0009D8A72 /* B_2577.swift */ = {isa = PBXFileReference; lastKnownFileType = sourcecode.swift; path = B_2577.swift; sourceTree = "<group>"; };
		46ADFA232722FA8E009D8A72 /* B_3052.swift */ = {isa = PBXFileReference; lastKnownFileType = sourcecode.swift; path = B_3052.swift; sourceTree = "<group>"; };
		46ADFA262722FE44009D8A72 /* B_1292.swift */ = {isa = PBXFileReference; lastKnownFileType = sourcecode.swift; path = B_1292.swift; sourceTree = "<group>"; };
		46ADFA292723DFDD009D8A72 /* B_1546.swift */ = {isa = PBXFileReference; lastKnownFileType = sourcecode.swift; path = B_1546.swift; sourceTree = "<group>"; };
		46ADFA2C2723E3B6009D8A72 /* B_1010.swift */ = {isa = PBXFileReference; lastKnownFileType = sourcecode.swift; path = B_1010.swift; sourceTree = "<group>"; };
		46BAFF0E272A502000E13313 /* B_1312.swift */ = {isa = PBXFileReference; lastKnownFileType = sourcecode.swift; path = B_1312.swift; sourceTree = "<group>"; };
		46CAE3F82733764B0021E7F4 /* B_1043.swift */ = {isa = PBXFileReference; lastKnownFileType = sourcecode.swift; path = B_1043.swift; sourceTree = "<group>"; };
		46CAE40B27349EC90021E7F4 /* B_1236.swift */ = {isa = PBXFileReference; lastKnownFileType = sourcecode.swift; path = B_1236.swift; sourceTree = "<group>"; };
		46CEDE22272E4F94006059BB /* B_2417.swift */ = {isa = PBXFileReference; lastKnownFileType = sourcecode.swift; path = B_2417.swift; sourceTree = "<group>"; };
		46CEDE27272F59DE006059BB /* B_2057.swift */ = {isa = PBXFileReference; lastKnownFileType = sourcecode.swift; path = B_2057.swift; sourceTree = "<group>"; };
		46CEDE4A2730C2E3006059BB /* B_1343.swift */ = {isa = PBXFileReference; lastKnownFileType = sourcecode.swift; path = B_1343.swift; sourceTree = "<group>"; };
		46CFE32F2724EEAB00E6B827 /* B_8958.swift */ = {isa = PBXFileReference; lastKnownFileType = sourcecode.swift; path = B_8958.swift; sourceTree = "<group>"; };
		46CFE3322724F27700E6B827 /* B_1094.swift */ = {isa = PBXFileReference; lastKnownFileType = sourcecode.swift; path = B_1094.swift; sourceTree = "<group>"; };
		46CFE3352726217800E6B827 /* B_1331.swift */ = {isa = PBXFileReference; lastKnownFileType = sourcecode.swift; path = B_1331.swift; sourceTree = "<group>"; };
		46CFE33827266C5A00E6B827 /* B_4344.swift */ = {isa = PBXFileReference; lastKnownFileType = sourcecode.swift; path = B_4344.swift; sourceTree = "<group>"; };
		46CFE3F62727847A00E6B827 /* B_4673.swift */ = {isa = PBXFileReference; lastKnownFileType = sourcecode.swift; path = B_4673.swift; sourceTree = "<group>"; };
		46CFE3FB27278A9D00E6B827 /* B_1246.swift */ = {isa = PBXFileReference; lastKnownFileType = sourcecode.swift; path = B_1246.swift; sourceTree = "<group>"; };
		46CFE465272938DD00E6B827 /* B_1251.swift */ = {isa = PBXFileReference; lastKnownFileType = sourcecode.swift; path = B_1251.swift; sourceTree = "<group>"; };
		46D93415273226CA00BC30C5 /* B_1913.swift */ = {isa = PBXFileReference; lastKnownFileType = sourcecode.swift; path = B_1913.swift; sourceTree = "<group>"; };
		46E12DFE2736418D00007C2C /* B_1296.swift */ = {isa = PBXFileReference; lastKnownFileType = sourcecode.swift; path = B_1296.swift; sourceTree = "<group>"; };
		46E220E427618E1D00CAA164 /* B_1676.swift */ = {isa = PBXFileReference; lastKnownFileType = sourcecode.swift; path = B_1676.swift; sourceTree = "<group>"; };
		46E6F50A27539F4900030AE4 /* B_1049.swift */ = {isa = PBXFileReference; lastKnownFileType = sourcecode.swift; path = B_1049.swift; sourceTree = "<group>"; };
		46E6F53127549A8300030AE4 /* B_1120.swift */ = {isa = PBXFileReference; lastKnownFileType = sourcecode.swift; path = B_1120.swift; sourceTree = "<group>"; };
		46E6F5342755929100030AE4 /* B_1283.swift */ = {isa = PBXFileReference; lastKnownFileType = sourcecode.swift; path = B_1283.swift; sourceTree = "<group>"; };
		46E6F5602756EB2D00030AE4 /* B_3061.swift */ = {isa = PBXFileReference; lastKnownFileType = sourcecode.swift; path = B_3061.swift; sourceTree = "<group>"; };
		46EFABE7274CC59400353ECE /* B_20499.swift */ = {isa = PBXFileReference; lastKnownFileType = sourcecode.swift; path = B_20499.swift; sourceTree = "<group>"; };
		46EFAC59274E384000353ECE /* B_14924.swift */ = {isa = PBXFileReference; lastKnownFileType = sourcecode.swift; path = B_14924.swift; sourceTree = "<group>"; };
		46EFACE1274EFDE200353ECE /* B_1264.swift */ = {isa = PBXFileReference; lastKnownFileType = sourcecode.swift; path = B_1264.swift; sourceTree = "<group>"; };
		46EFACEB275087D100353ECE /* B_15962.swift */ = {isa = PBXFileReference; lastKnownFileType = sourcecode.swift; path = B_15962.swift; sourceTree = "<group>"; };
		46EFACEE2751EFF100353ECE /* B_17496.swift */ = {isa = PBXFileReference; lastKnownFileType = sourcecode.swift; path = B_17496.swift; sourceTree = "<group>"; };
		46FDAD5827375BAC00590987 /* B_1259.swift */ = {isa = PBXFileReference; lastKnownFileType = sourcecode.swift; path = B_1259.swift; sourceTree = "<group>"; };
		46FDAD5B2738AA8F00590987 /* B_1524.swift */ = {isa = PBXFileReference; lastKnownFileType = sourcecode.swift; path = B_1524.swift; sourceTree = "<group>"; };
/* End PBXFileReference section */

/* Begin PBXFrameworksBuildPhase section */
		468B2459270E69F30050257A /* Frameworks */ = {
			isa = PBXFrameworksBuildPhase;
			buildActionMask = 2147483647;
			files = (
			);
			runOnlyForDeploymentPostprocessing = 0;
		};
/* End PBXFrameworksBuildPhase section */

/* Begin PBXGroup section */
		4604AEF42716913D00CDFBD9 /* B_1159 */ = {
			isa = PBXGroup;
			children = (
				4604AEF52716914500CDFBD9 /* B_1159.swift */,
			);
			path = B_1159;
			sourceTree = "<group>";
		};
		4604AF362717A9EF00CDFBD9 /* B_1173 */ = {
			isa = PBXGroup;
			children = (
				4604AF372717AA1800CDFBD9 /* B_1173.swift */,
			);
			path = B_1173;
			sourceTree = "<group>";
		};
		4604AFBD2718EF8700CDFBD9 /* B_1225 */ = {
			isa = PBXGroup;
			children = (
				4604AFBE2718EFAF00CDFBD9 /* B_1225.swift */,
			);
			path = B_1225;
			sourceTree = "<group>";
		};
		4604AFD2271A859D00CDFBD9 /* B_1252 */ = {
			isa = PBXGroup;
			children = (
				4604AFD3271A85AC00CDFBD9 /* B_1252.swift */,
			);
			path = B_1252;
			sourceTree = "<group>";
		};
		4604AFDF271BBDA400CDFBD9 /* B_1032 */ = {
			isa = PBXGroup;
			children = (
				4604AFE0271BBDB400CDFBD9 /* B_1032.swift */,
			);
			path = B_1032;
			sourceTree = "<group>";
		};
		4604B00B271CECA900CDFBD9 /* B_14470 */ = {
			isa = PBXGroup;
			children = (
				4604B00C271CECB900CDFBD9 /* B_14470.swift */,
			);
			path = B_14470;
			sourceTree = "<group>";
		};
		4604B00E271CF8D500CDFBD9 /* B_14623 */ = {
			isa = PBXGroup;
			children = (
				4604B00F271CF8DC00CDFBD9 /* B_14623.swift */,
			);
			path = B_14623;
			sourceTree = "<group>";
		};
		4604B011271D063600CDFBD9 /* B_15963 */ = {
			isa = PBXGroup;
			children = (
				4604B012271D064100CDFBD9 /* B_15963.swift */,
			);
			path = B_15963;
			sourceTree = "<group>";
		};
		4604B014271D078A00CDFBD9 /* B_2010 */ = {
			isa = PBXGroup;
			children = (
				4604B015271D079100CDFBD9 /* B_2010.swift */,
			);
			path = B_2010;
			sourceTree = "<group>";
		};
		4604B043271E364100CDFBD9 /* B_6609 */ = {
			isa = PBXGroup;
			children = (
				4604B044271E365A00CDFBD9 /* B_6609.swift */,
			);
			path = B_6609;
			sourceTree = "<group>";
		};
		4604B046271E497500CDFBD9 /* B_1037 */ = {
			isa = PBXGroup;
			children = (
				4604B047271E497D00CDFBD9 /* B_1037.swift */,
			);
			path = B_1037;
			sourceTree = "<group>";
		};
		4604B049271E63C500CDFBD9 /* B_2753 */ = {
			isa = PBXGroup;
			children = (
				4604B04A271E63CD00CDFBD9 /* B_2753.swift */,
			);
			path = B_2753;
			sourceTree = "<group>";
		};
		4604B04C271E7C8400CDFBD9 /* B_14681 */ = {
			isa = PBXGroup;
			children = (
				4604B04D271E7C9400CDFBD9 /* B_14681.swift */,
			);
			path = B_14681;
			sourceTree = "<group>";
		};
		4604B04F271E7F1B00CDFBD9 /* B_1110 */ = {
			isa = PBXGroup;
			children = (
				4604B050271E7F2300CDFBD9 /* B_1110.swift */,
			);
			path = B_1110;
			sourceTree = "<group>";
		};
		4615046727433982007A28C4 /* B_16394 */ = {
			isa = PBXGroup;
			children = (
				461504682743398E007A28C4 /* B_16394.swift */,
			);
			path = B_16394;
			sourceTree = "<group>";
		};
		461504A827446F58007A28C4 /* B_15733 */ = {
			isa = PBXGroup;
			children = (
				461504A927446F60007A28C4 /* B_15733.swift */,
			);
			path = B_15733;
			sourceTree = "<group>";
		};
		461504AB2744C51F007A28C4 /* B_22988 */ = {
			isa = PBXGroup;
			children = (
				461504AC2744C52F007A28C4 /* B_22988.swift */,
			);
			path = B_22988;
			sourceTree = "<group>";
		};
		461504AE2744F177007A28C4 /* B_2920 */ = {
			isa = PBXGroup;
			children = (
				461504AF2744F180007A28C4 /* B_2920.swift */,
			);
			path = B_2920;
			sourceTree = "<group>";
		};
		461C06CC272D14C400126065 /* B_1439 */ = {
			isa = PBXGroup;
			children = (
				461C06CD272D14E800126065 /* B_1439.swift */,
			);
			path = B_1439;
			sourceTree = "<group>";
		};
		461FA7FC2758A339003C582C /* B_10170 */ = {
			isa = PBXGroup;
			children = (
				461FA7FD2758A343003C582C /* B_10170.swift */,
			);
			path = B_10170;
			sourceTree = "<group>";
		};
		461FA83E275A39EA003C582C /* B_19944 */ = {
			isa = PBXGroup;
			children = (
				461FA83F275A39F2003C582C /* B_19944.swift */,
			);
			path = B_19944;
			sourceTree = "<group>";
		};
		461FA841275B835F003C582C /* B_2693 */ = {
			isa = PBXGroup;
			children = (
				461FA842275B8367003C582C /* B_2693.swift */,
			);
			path = B_2693;
			sourceTree = "<group>";
		};
		461FA844275C8CFF003C582C /* B_7785 */ = {
			isa = PBXGroup;
			children = (
				461FA845275C8D06003C582C /* B_7785.swift */,
			);
			path = B_7785;
			sourceTree = "<group>";
		};
		4628F4FF2739E568004482D7 /* B_2748 */ = {
			isa = PBXGroup;
			children = (
				4628F5002739E571004482D7 /* B_2748.swift */,
			);
			path = B_2748;
			sourceTree = "<group>";
		};
		4628F5022739EEB8004482D7 /* B_9471 */ = {
			isa = PBXGroup;
			children = (
				4628F5032739EEC1004482D7 /* B_9471.swift */,
			);
			path = B_9471;
			sourceTree = "<group>";
		};
		4628F5052739F1F3004482D7 /* B_2749 */ = {
			isa = PBXGroup;
			children = (
				4628F5062739F1FA004482D7 /* B_2749.swift */,
			);
			path = B_2749;
			sourceTree = "<group>";
		};
		4628F551273B5C60004482D7 /* B_1026 */ = {
			isa = PBXGroup;
			children = (
				4628F552273B5C72004482D7 /* B_1026.swift */,
			);
			path = B_1026;
			sourceTree = "<group>";
		};
		4628F63D273C91FB004482D7 /* B_1764 */ = {
			isa = PBXGroup;
			children = (
				4628F63E273C9204004482D7 /* B_1764.swift */,
			);
			path = B_1764;
			sourceTree = "<group>";
		};
		4628F689273CF66C004482D7 /* B_2609 */ = {
			isa = PBXGroup;
			children = (
				4628F68A273CF673004482D7 /* B_2609.swift */,
			);
			path = B_2609;
			sourceTree = "<group>";
		};
		4628F68C273D23A3004482D7 /* B_11050 */ = {
			isa = PBXGroup;
			children = (
				4628F68D273D23AE004482D7 /* B_11050.swift */,
			);
			path = B_11050;
			sourceTree = "<group>";
		};
		462E0C292762CB1A00ECF362 /* B_1075 */ = {
			isa = PBXGroup;
			children = (
				462E0C2A2762CB2100ECF362 /* B_1075.swift */,
			);
			path = B_1075;
			sourceTree = "<group>";
		};
		46372D67274219400073E03D /* B_16170 */ = {
			isa = PBXGroup;
			children = (
				46372D68274219490073E03D /* B_16170.swift */,
			);
			path = B_16170;
			sourceTree = "<group>";
		};
		464443AF27114A120012575B /* B_15727 */ = {
			isa = PBXGroup;
			children = (
				464443B027114A220012575B /* B_15727.swift */,
			);
			path = B_15727;
			sourceTree = "<group>";
		};
		464443C52712A4320012575B /* B_13136 */ = {
			isa = PBXGroup;
			children = (
				464443C62712A43A0012575B /* B_13136.swift */,
			);
			path = B_13136;
			sourceTree = "<group>";
		};
		464443C82712B66C0012575B /* B_15680 */ = {
			isa = PBXGroup;
			children = (
				464443C92712B6790012575B /* B_15680.swift */,
			);
			path = B_15680;
			sourceTree = "<group>";
		};
		464443CB2712CBB40012575B /* B_10949 */ = {
			isa = PBXGroup;
			children = (
				464443CC2712CBD40012575B /* B_10949.swift */,
			);
			path = B_10949;
			sourceTree = "<group>";
		};
		4644440B2713F73A0012575B /* B_11047 */ = {
			isa = PBXGroup;
			children = (
				4644440C2713F74B0012575B /* B_11047.swift */,
			);
			path = B_11047;
			sourceTree = "<group>";
		};
		4644443C2714FB3B0012575B /* B_1100 */ = {
			isa = PBXGroup;
			children = (
				4644443D2714FB450012575B /* B_1100.swift */,
			);
			path = B_1100;
			sourceTree = "<group>";
		};
		465C9367276034EE00F90369 /* B_1673 */ = {
			isa = PBXGroup;
			children = (
				465C9368276034F600F90369 /* B_1673.swift */,
			);
			path = B_1673;
			sourceTree = "<group>";
		};
		4664ACB6273DDF6700A2D09A /* B_2204 */ = {
			isa = PBXGroup;
			children = (
				4664ACB7273DDF7000A2D09A /* B_2204.swift */,
			);
			path = B_2204;
			sourceTree = "<group>";
		};
		4664ACBF273F785700A2D09A /* B_15829 */ = {
			isa = PBXGroup;
			children = (
				4664ACC0273F792400A2D09A /* B_15829.swift */,
			);
			path = B_15829;
			sourceTree = "<group>";
		};
		4677180C272B66F5009AB223 /* B_1769 */ = {
			isa = PBXGroup;
			children = (
				4677180D272B673B009AB223 /* B_1769.swift */,
			);
			path = B_1769;
			sourceTree = "<group>";
		};
		467B981C27402204004DFCD3 /* B_1076 */ = {
			isa = PBXGroup;
			children = (
				467B981D2740220B004DFCD3 /* B_1076.swift */,
			);
			path = B_1076;
			sourceTree = "<group>";
		};
		467DB970275D8958003C13C8 /* B_1406 */ = {
			isa = PBXGroup;
			children = (
				467DB971275D8961003C13C8 /* B_1406.swift */,
			);
			path = B_1406;
			sourceTree = "<group>";
		};
		467DBA06275EDD2C003C13C8 /* B_2754 */ = {
			isa = PBXGroup;
			children = (
				467DBA07275EDD31003C13C8 /* B_2754.swift */,
			);
			path = B_2754;
			sourceTree = "<group>";
		};
		467F8927270F104200701969 /* B_10828 */ = {
			isa = PBXGroup;
			children = (
				467F8928270F104E00701969 /* B_10828.swift */,
			);
			path = B_10828;
			sourceTree = "<group>";
		};
		467F892A270F154B00701969 /* B_9012 */ = {
			isa = PBXGroup;
			children = (
				467F892B270F155700701969 /* B_9012.swift */,
			);
			path = B_9012;
			sourceTree = "<group>";
		};
		467F892D270F2ABC00701969 /* B_1927 */ = {
			isa = PBXGroup;
			children = (
				467F892E270F2AC900701969 /* B_1927.swift */,
			);
			path = B_1927;
			sourceTree = "<group>";
		};
		467F89E1270FBC7200701969 /* B_10799 */ = {
			isa = PBXGroup;
			children = (
				467F89E2270FBC8300701969 /* B_10799.swift */,
			);
			path = B_10799;
			sourceTree = "<group>";
		};
		467F89E4270FCE5D00701969 /* B_11279 */ = {
			isa = PBXGroup;
			children = (
				467F89E5270FCE6800701969 /* B_11279.swift */,
			);
			path = B_11279;
			sourceTree = "<group>";
		};
		468B2453270E69F30050257A = {
			isa = PBXGroup;
			children = (
				468B245E270E69F30050257A /* Baekjoon-Swift */,
				468B245D270E69F30050257A /* Products */,
			);
			sourceTree = "<group>";
		};
		468B245D270E69F30050257A /* Products */ = {
			isa = PBXGroup;
			children = (
				468B245C270E69F30050257A /* Baekjoon-Swift */,
			);
			name = Products;
			sourceTree = "<group>";
		};
		468B245E270E69F30050257A /* Baekjoon-Swift */ = {
			isa = PBXGroup;
			children = (
				468C164927696C8F0027103F /* B_11721 */,
				468C162D2768449D0027103F /* B_15873 */,
				468C15812766BD980027103F /* B_20492 */,
				468C157D2765D1760027103F /* B_1350 */,
				468C15712764F4F10027103F /* B_2441 */,
				468C156E2764D0730027103F /* B_2440 */,
				468C14C82763A7070027103F /* B_1568 */,
				462E0C292762CB1A00ECF362 /* B_1075 */,
				46E220E327618E1500CAA164 /* B_1676 */,
				465C9367276034EE00F90369 /* B_1673 */,
				467DBA06275EDD2C003C13C8 /* B_2754 */,
				467DB970275D8958003C13C8 /* B_1406 */,
				461FA844275C8CFF003C582C /* B_7785 */,
				461FA841275B835F003C582C /* B_2693 */,
				461FA83E275A39EA003C582C /* B_19944 */,
				461FA7FC2758A339003C582C /* B_10170 */,
				46E6F55F2756EB2300030AE4 /* B_3061 */,
				46E6F5332755928900030AE4 /* B_1283 */,
				46E6F53027549A7D00030AE4 /* B_1120 */,
				46E6F50927539F3B00030AE4 /* B_1049 */,
				46EFACED2751EFE700353ECE /* B_17496 */,
				46EFACEA275087B900353ECE /* B_15962 */,
				46EFACE0274EFDD300353ECE /* B_1264 */,
				46EFAC58274E383600353ECE /* B_14924 */,
				46EFABE4274CC57E00353ECE /* B_20499 */,
				469897EF274B6D2E0091A6FF /* B_1920 */,
				469897EC274B5E920091A6FF /* B_4158 */,
				469897E92749E09C0091A6FF /* B_9093 */,
				469897E62748E6FF0091A6FF /* B_1302 */,
				46AB51A527473DA700B16C95 /* B_15964 */,
				461504AE2744F177007A28C4 /* B_2920 */,
				461504AB2744C51F007A28C4 /* B_22988 */,
				461504A827446F58007A28C4 /* B_15733 */,
				4615046727433982007A28C4 /* B_16394 */,
				46372D67274219400073E03D /* B_16170 */,
				467B981C27402204004DFCD3 /* B_1076 */,
				4664ACBF273F785700A2D09A /* B_15829 */,
				4664ACB6273DDF6700A2D09A /* B_2204 */,
				4628F68C273D23A3004482D7 /* B_11050 */,
				4628F689273CF66C004482D7 /* B_2609 */,
				4628F63D273C91FB004482D7 /* B_1764 */,
				4628F551273B5C60004482D7 /* B_1026 */,
				4628F5052739F1F3004482D7 /* B_2749 */,
				4628F5022739EEB8004482D7 /* B_9471 */,
				4628F4FF2739E568004482D7 /* B_2748 */,
				46FDAD5A2738AA8200590987 /* B_1524 */,
				46FDAD5727375B9400590987 /* B_1259 */,
				46E12DFD2736416E00007C2C /* B_1296 */,
				46CAE40827349EB50021E7F4 /* B_1236 */,
				46CAE3F7273376420021E7F4 /* B_1043 */,
				46D9340E273217AF00BC30C5 /* B_1913 */,
				46CEDE492730C2DB006059BB /* B_1343 */,
				46CEDE26272F59CA006059BB /* B_2057 */,
				46CEDE21272E4F89006059BB /* B_2417 */,
				461C06CC272D14C400126065 /* B_1439 */,
				4677180C272B66F5009AB223 /* B_1769 */,
				46BAFF0D272A501800E13313 /* B_1312 */,
				46CFE464272938D500E6B827 /* B_1251 */,
				46CFE3FA27278A9800E6B827 /* B_1246 */,
				46CFE3F52727847300E6B827 /* B_4673 */,
				46CFE33727266C5400E6B827 /* B_4344 */,
				46CFE3342726217100E6B827 /* B_1331 */,
				46CFE3312724F26A00E6B827 /* B_1094 */,
				46CFE32E2724EE9F00E6B827 /* B_8958 */,
				46ADFA2B2723E3B0009D8A72 /* B_1010 */,
				46ADFA282723DFD5009D8A72 /* B_1546 */,
				46ADFA252722FE2E009D8A72 /* B_1292 */,
				46ADFA202722FA71009D8A72 /* B_3052 */,
				46ADFA182721859B009D8A72 /* B_2577 */,
				46ADFA1127217756009D8A72 /* B_1205 */,
				46ADF9CD2720F186009D8A72 /* B_2562 */,
				46ADF9A4271FF5D2009D8A72 /* B_10818 */,
				46ADF9A1271FF2D7009D8A72 /* B_1183 */,
				4604B04F271E7F1B00CDFBD9 /* B_1110 */,
				4604B04C271E7C8400CDFBD9 /* B_14681 */,
				4604B049271E63C500CDFBD9 /* B_2753 */,
				4604B046271E497500CDFBD9 /* B_1037 */,
				4604B043271E364100CDFBD9 /* B_6609 */,
				4604B014271D078A00CDFBD9 /* B_2010 */,
				4604B011271D063600CDFBD9 /* B_15963 */,
				4604B00E271CF8D500CDFBD9 /* B_14623 */,
				4604B00B271CECA900CDFBD9 /* B_14470 */,
				4604AFDF271BBDA400CDFBD9 /* B_1032 */,
				4604AFD2271A859D00CDFBD9 /* B_1252 */,
				4604AFBD2718EF8700CDFBD9 /* B_1225 */,
				4604AF362717A9EF00CDFBD9 /* B_1173 */,
				4604AEF42716913D00CDFBD9 /* B_1159 */,
				4644443C2714FB3B0012575B /* B_1100 */,
				4644440B2713F73A0012575B /* B_11047 */,
				464443CB2712CBB40012575B /* B_10949 */,
				464443C82712B66C0012575B /* B_15680 */,
				464443C52712A4320012575B /* B_13136 */,
				464443AF27114A120012575B /* B_15727 */,
				467F89E4270FCE5D00701969 /* B_11279 */,
				467F89E1270FBC7200701969 /* B_10799 */,
				467F892D270F2ABC00701969 /* B_1927 */,
				467F892A270F154B00701969 /* B_9012 */,
				467F8927270F104200701969 /* B_10828 */,
				468B248B270F05C20050257A /* B_10994 */,
				468B2488270F04D30050257A /* B_10829 */,
				468B2485270ECCFE0050257A /* B_6603 */,
				468B2482270EC5A80050257A /* B_10870 */,
				468B247F270EAD5D0050257A /* B_1011 */,
				468B247C270E83790050257A /* B_2839 */,
				468B2479270E7FA50050257A /* B_2775 */,
				468B2473270E7B260050257A /* B_10250 */,
				468B2470270E73F60050257A /* B_2869 */,
				468B2469270E6B230050257A /* B_1193 */,
				468B2468270E6A700050257A /* B_2292 */,
			);
			path = "Baekjoon-Swift";
			sourceTree = "<group>";
		};
		468B2468270E6A700050257A /* B_2292 */ = {
			isa = PBXGroup;
			children = (
				468B245F270E69F30050257A /* B_2292.swift */,
			);
			path = B_2292;
			sourceTree = "<group>";
		};
		468B2469270E6B230050257A /* B_1193 */ = {
			isa = PBXGroup;
			children = (
				468B246E270E6F0F0050257A /* B_1193.swift */,
			);
			path = B_1193;
			sourceTree = "<group>";
		};
		468B2470270E73F60050257A /* B_2869 */ = {
			isa = PBXGroup;
			children = (
				468B2471270E74530050257A /* B_2869.swift */,
			);
			path = B_2869;
			sourceTree = "<group>";
		};
		468B2473270E7B260050257A /* B_10250 */ = {
			isa = PBXGroup;
			children = (
				468B2474270E7B640050257A /* B_10250.swift */,
			);
			path = B_10250;
			sourceTree = "<group>";
		};
		468B2479270E7FA50050257A /* B_2775 */ = {
			isa = PBXGroup;
			children = (
				468B247A270E7FB60050257A /* B_2775.swift */,
			);
			path = B_2775;
			sourceTree = "<group>";
		};
		468B247C270E83790050257A /* B_2839 */ = {
			isa = PBXGroup;
			children = (
				468B247D270E837F0050257A /* B_2839.swift */,
			);
			path = B_2839;
			sourceTree = "<group>";
		};
		468B247F270EAD5D0050257A /* B_1011 */ = {
			isa = PBXGroup;
			children = (
				468B2480270EAD6D0050257A /* B_1011.swift */,
			);
			path = B_1011;
			sourceTree = "<group>";
		};
		468B2482270EC5A80050257A /* B_10870 */ = {
			isa = PBXGroup;
			children = (
				468B2483270EC5B00050257A /* B_10870.swift */,
			);
			path = B_10870;
			sourceTree = "<group>";
		};
		468B2485270ECCFE0050257A /* B_6603 */ = {
			isa = PBXGroup;
			children = (
				468B2486270ECD060050257A /* B_6603.swift */,
			);
			path = B_6603;
			sourceTree = "<group>";
		};
		468B2488270F04D30050257A /* B_10829 */ = {
			isa = PBXGroup;
			children = (
				468B2489270F04DE0050257A /* B_10829.swift */,
			);
			path = B_10829;
			sourceTree = "<group>";
		};
		468B248B270F05C20050257A /* B_10994 */ = {
			isa = PBXGroup;
			children = (
				468B248C270F05D10050257A /* B_10994.swift */,
			);
			path = B_10994;
			sourceTree = "<group>";
		};
		468C14C82763A7070027103F /* B_1568 */ = {
			isa = PBXGroup;
			children = (
				468C14C92763A70C0027103F /* B_1568.swift */,
			);
			path = B_1568;
			sourceTree = "<group>";
		};
		468C156E2764D0730027103F /* B_2440 */ = {
			isa = PBXGroup;
			children = (
				468C156F2764D07D0027103F /* B_2440.swift */,
			);
			path = B_2440;
			sourceTree = "<group>";
		};
		468C15712764F4F10027103F /* B_2441 */ = {
			isa = PBXGroup;
			children = (
				468C15722764F4F70027103F /* B_2441.swift */,
			);
			path = B_2441;
			sourceTree = "<group>";
		};
		468C157D2765D1760027103F /* B_1350 */ = {
			isa = PBXGroup;
			children = (
				468C157E2765D1840027103F /* B_1350.swift */,
			);
			path = B_1350;
			sourceTree = "<group>";
		};
		468C15812766BD980027103F /* B_20492 */ = {
			isa = PBXGroup;
			children = (
				468C15822766BD9D0027103F /* B_20492.swift */,
			);
			path = B_20492;
			sourceTree = "<group>";
		};
		468C162D2768449D0027103F /* B_15873 */ = {
			isa = PBXGroup;
			children = (
				468C162E276844B10027103F /* B_15873.swift */,
			);
			path = B_15873;
			sourceTree = "<group>";
		};
		468C164927696C8F0027103F /* B_11721 */ = {
			isa = PBXGroup;
			children = (
				468C164A27696C960027103F /* B_11721.swift */,
			);
			path = B_11721;
			sourceTree = "<group>";
		};
		469897E62748E6FF0091A6FF /* B_1302 */ = {
			isa = PBXGroup;
			children = (
				469897E72748E7090091A6FF /* B_1302.swift */,
			);
			path = B_1302;
			sourceTree = "<group>";
		};
		469897E92749E09C0091A6FF /* B_9093 */ = {
			isa = PBXGroup;
			children = (
				469897EA2749E0A40091A6FF /* B_9093.swift */,
			);
			path = B_9093;
			sourceTree = "<group>";
		};
		469897EC274B5E920091A6FF /* B_4158 */ = {
			isa = PBXGroup;
			children = (
				469897ED274B5E9A0091A6FF /* B_4158.swift */,
			);
			path = B_4158;
			sourceTree = "<group>";
		};
		469897EF274B6D2E0091A6FF /* B_1920 */ = {
			isa = PBXGroup;
			children = (
				469897F0274B6D330091A6FF /* B_1920.swift */,
			);
			path = B_1920;
			sourceTree = "<group>";
		};
		46AB51A527473DA700B16C95 /* B_15964 */ = {
			isa = PBXGroup;
			children = (
				46AB51A627473DB000B16C95 /* B_15964.swift */,
			);
			path = B_15964;
			sourceTree = "<group>";
		};
		46ADF9A1271FF2D7009D8A72 /* B_1183 */ = {
			isa = PBXGroup;
			children = (
				46ADF9A2271FF2DE009D8A72 /* B_1183.swift */,
			);
			path = B_1183;
			sourceTree = "<group>";
		};
		46ADF9A4271FF5D2009D8A72 /* B_10818 */ = {
			isa = PBXGroup;
			children = (
				46ADF9A5271FF5D7009D8A72 /* B_10818.swift */,
			);
			path = B_10818;
			sourceTree = "<group>";
		};
		46ADF9CD2720F186009D8A72 /* B_2562 */ = {
			isa = PBXGroup;
			children = (
				46ADF9CE2720F18E009D8A72 /* B_2562.swift */,
			);
			path = B_2562;
			sourceTree = "<group>";
		};
		46ADFA1127217756009D8A72 /* B_1205 */ = {
			isa = PBXGroup;
			children = (
				46ADFA1227217762009D8A72 /* B_1205.swift */,
			);
			path = B_1205;
			sourceTree = "<group>";
		};
		46ADFA182721859B009D8A72 /* B_2577 */ = {
			isa = PBXGroup;
			children = (
				46ADFA19272185A0009D8A72 /* B_2577.swift */,
			);
			path = B_2577;
			sourceTree = "<group>";
		};
		46ADFA202722FA71009D8A72 /* B_3052 */ = {
			isa = PBXGroup;
			children = (
				46ADFA232722FA8E009D8A72 /* B_3052.swift */,
			);
			path = B_3052;
			sourceTree = "<group>";
		};
		46ADFA252722FE2E009D8A72 /* B_1292 */ = {
			isa = PBXGroup;
			children = (
				46ADFA262722FE44009D8A72 /* B_1292.swift */,
			);
			path = B_1292;
			sourceTree = "<group>";
		};
		46ADFA282723DFD5009D8A72 /* B_1546 */ = {
			isa = PBXGroup;
			children = (
				46ADFA292723DFDD009D8A72 /* B_1546.swift */,
			);
			path = B_1546;
			sourceTree = "<group>";
		};
		46ADFA2B2723E3B0009D8A72 /* B_1010 */ = {
			isa = PBXGroup;
			children = (
				46ADFA2C2723E3B6009D8A72 /* B_1010.swift */,
			);
			path = B_1010;
			sourceTree = "<group>";
		};
		46BAFF0D272A501800E13313 /* B_1312 */ = {
			isa = PBXGroup;
			children = (
				46BAFF0E272A502000E13313 /* B_1312.swift */,
			);
			path = B_1312;
			sourceTree = "<group>";
		};
		46CAE3F7273376420021E7F4 /* B_1043 */ = {
			isa = PBXGroup;
			children = (
				46CAE3F82733764B0021E7F4 /* B_1043.swift */,
			);
			path = B_1043;
			sourceTree = "<group>";
		};
		46CAE40827349EB50021E7F4 /* B_1236 */ = {
			isa = PBXGroup;
			children = (
				46CAE40B27349EC90021E7F4 /* B_1236.swift */,
			);
			path = B_1236;
			sourceTree = "<group>";
		};
		46CEDE21272E4F89006059BB /* B_2417 */ = {
			isa = PBXGroup;
			children = (
				46CEDE22272E4F94006059BB /* B_2417.swift */,
			);
			path = B_2417;
			sourceTree = "<group>";
		};
		46CEDE26272F59CA006059BB /* B_2057 */ = {
			isa = PBXGroup;
			children = (
				46CEDE27272F59DE006059BB /* B_2057.swift */,
			);
			path = B_2057;
			sourceTree = "<group>";
		};
		46CEDE492730C2DB006059BB /* B_1343 */ = {
			isa = PBXGroup;
			children = (
				46CEDE4A2730C2E3006059BB /* B_1343.swift */,
			);
			path = B_1343;
			sourceTree = "<group>";
		};
		46CFE32E2724EE9F00E6B827 /* B_8958 */ = {
			isa = PBXGroup;
			children = (
				46CFE32F2724EEAB00E6B827 /* B_8958.swift */,
			);
			path = B_8958;
			sourceTree = "<group>";
		};
		46CFE3312724F26A00E6B827 /* B_1094 */ = {
			isa = PBXGroup;
			children = (
				46CFE3322724F27700E6B827 /* B_1094.swift */,
			);
			path = B_1094;
			sourceTree = "<group>";
		};
		46CFE3342726217100E6B827 /* B_1331 */ = {
			isa = PBXGroup;
			children = (
				46CFE3352726217800E6B827 /* B_1331.swift */,
			);
			path = B_1331;
			sourceTree = "<group>";
		};
		46CFE33727266C5400E6B827 /* B_4344 */ = {
			isa = PBXGroup;
			children = (
				46CFE33827266C5A00E6B827 /* B_4344.swift */,
			);
			path = B_4344;
			sourceTree = "<group>";
		};
		46CFE3F52727847300E6B827 /* B_4673 */ = {
			isa = PBXGroup;
			children = (
				46CFE3F62727847A00E6B827 /* B_4673.swift */,
			);
			path = B_4673;
			sourceTree = "<group>";
		};
		46CFE3FA27278A9800E6B827 /* B_1246 */ = {
			isa = PBXGroup;
			children = (
				46CFE3FB27278A9D00E6B827 /* B_1246.swift */,
			);
			path = B_1246;
			sourceTree = "<group>";
		};
		46CFE464272938D500E6B827 /* B_1251 */ = {
			isa = PBXGroup;
			children = (
				46CFE465272938DD00E6B827 /* B_1251.swift */,
			);
			path = B_1251;
			sourceTree = "<group>";
		};
		46D9340E273217AF00BC30C5 /* B_1913 */ = {
			isa = PBXGroup;
			children = (
				46D93415273226CA00BC30C5 /* B_1913.swift */,
			);
			path = B_1913;
			sourceTree = "<group>";
		};
		46E12DFD2736416E00007C2C /* B_1296 */ = {
			isa = PBXGroup;
			children = (
				46E12DFE2736418D00007C2C /* B_1296.swift */,
			);
			path = B_1296;
			sourceTree = "<group>";
		};
		46E220E327618E1500CAA164 /* B_1676 */ = {
			isa = PBXGroup;
			children = (
				46E220E427618E1D00CAA164 /* B_1676.swift */,
			);
			path = B_1676;
			sourceTree = "<group>";
		};
		46E6F50927539F3B00030AE4 /* B_1049 */ = {
			isa = PBXGroup;
			children = (
				46E6F50A27539F4900030AE4 /* B_1049.swift */,
			);
			path = B_1049;
			sourceTree = "<group>";
		};
		46E6F53027549A7D00030AE4 /* B_1120 */ = {
			isa = PBXGroup;
			children = (
				46E6F53127549A8300030AE4 /* B_1120.swift */,
			);
			path = B_1120;
			sourceTree = "<group>";
		};
		46E6F5332755928900030AE4 /* B_1283 */ = {
			isa = PBXGroup;
			children = (
				46E6F5342755929100030AE4 /* B_1283.swift */,
			);
			path = B_1283;
			sourceTree = "<group>";
		};
		46E6F55F2756EB2300030AE4 /* B_3061 */ = {
			isa = PBXGroup;
			children = (
				46E6F5602756EB2D00030AE4 /* B_3061.swift */,
			);
			path = B_3061;
			sourceTree = "<group>";
		};
		46EFABE4274CC57E00353ECE /* B_20499 */ = {
			isa = PBXGroup;
			children = (
				46EFABE7274CC59400353ECE /* B_20499.swift */,
			);
			path = B_20499;
			sourceTree = "<group>";
		};
		46EFAC58274E383600353ECE /* B_14924 */ = {
			isa = PBXGroup;
			children = (
				46EFAC59274E384000353ECE /* B_14924.swift */,
			);
			path = B_14924;
			sourceTree = "<group>";
		};
		46EFACE0274EFDD300353ECE /* B_1264 */ = {
			isa = PBXGroup;
			children = (
				46EFACE1274EFDE200353ECE /* B_1264.swift */,
			);
			path = B_1264;
			sourceTree = "<group>";
		};
		46EFACEA275087B900353ECE /* B_15962 */ = {
			isa = PBXGroup;
			children = (
				46EFACEB275087D100353ECE /* B_15962.swift */,
			);
			path = B_15962;
			sourceTree = "<group>";
		};
		46EFACED2751EFE700353ECE /* B_17496 */ = {
			isa = PBXGroup;
			children = (
				46EFACEE2751EFF100353ECE /* B_17496.swift */,
			);
			path = B_17496;
			sourceTree = "<group>";
		};
		46FDAD5727375B9400590987 /* B_1259 */ = {
			isa = PBXGroup;
			children = (
				46FDAD5827375BAC00590987 /* B_1259.swift */,
			);
			path = B_1259;
			sourceTree = "<group>";
		};
		46FDAD5A2738AA8200590987 /* B_1524 */ = {
			isa = PBXGroup;
			children = (
				46FDAD5B2738AA8F00590987 /* B_1524.swift */,
			);
			path = B_1524;
			sourceTree = "<group>";
		};
/* End PBXGroup section */

/* Begin PBXNativeTarget section */
		468B245B270E69F30050257A /* Baekjoon-Swift */ = {
			isa = PBXNativeTarget;
			buildConfigurationList = 468B2463270E69F30050257A /* Build configuration list for PBXNativeTarget "Baekjoon-Swift" */;
			buildPhases = (
				468B2458270E69F30050257A /* Sources */,
				468B2459270E69F30050257A /* Frameworks */,
				468B245A270E69F30050257A /* CopyFiles */,
			);
			buildRules = (
			);
			dependencies = (
			);
			name = "Baekjoon-Swift";
			productName = "Baekjoon-Swift";
			productReference = 468B245C270E69F30050257A /* Baekjoon-Swift */;
			productType = "com.apple.product-type.tool";
		};
/* End PBXNativeTarget section */

/* Begin PBXProject section */
		468B2454270E69F30050257A /* Project object */ = {
			isa = PBXProject;
			attributes = {
				BuildIndependentTargetsInParallel = 1;
				LastSwiftUpdateCheck = 1300;
				LastUpgradeCheck = 1300;
				TargetAttributes = {
					468B245B270E69F30050257A = {
						CreatedOnToolsVersion = 13.0;
						LastSwiftMigration = 1310;
					};
				};
			};
			buildConfigurationList = 468B2457270E69F30050257A /* Build configuration list for PBXProject "Baekjoon-Swift" */;
			compatibilityVersion = "Xcode 13.0";
			developmentRegion = en;
			hasScannedForEncodings = 0;
			knownRegions = (
				en,
				Base,
			);
			mainGroup = 468B2453270E69F30050257A;
			productRefGroup = 468B245D270E69F30050257A /* Products */;
			projectDirPath = "";
			projectRoot = "";
			targets = (
				468B245B270E69F30050257A /* Baekjoon-Swift */,
			);
		};
/* End PBXProject section */

/* Begin PBXSourcesBuildPhase section */
		468B2458270E69F30050257A /* Sources */ = {
			isa = PBXSourcesBuildPhase;
			buildActionMask = 2147483647;
			files = (
				468C164B27696C960027103F /* B_11721.swift in Sources */,
			);
			runOnlyForDeploymentPostprocessing = 0;
		};
/* End PBXSourcesBuildPhase section */

/* Begin XCBuildConfiguration section */
		468B2461270E69F30050257A /* Debug */ = {
			isa = XCBuildConfiguration;
			buildSettings = {
				ALWAYS_SEARCH_USER_PATHS = NO;
				CLANG_ANALYZER_NONNULL = YES;
				CLANG_ANALYZER_NUMBER_OBJECT_CONVERSION = YES_AGGRESSIVE;
				CLANG_CXX_LANGUAGE_STANDARD = "gnu++17";
				CLANG_CXX_LIBRARY = "libc++";
				CLANG_ENABLE_MODULES = YES;
				CLANG_ENABLE_OBJC_ARC = YES;
				CLANG_ENABLE_OBJC_WEAK = YES;
				CLANG_WARN_BLOCK_CAPTURE_AUTORELEASING = YES;
				CLANG_WARN_BOOL_CONVERSION = YES;
				CLANG_WARN_COMMA = YES;
				CLANG_WARN_CONSTANT_CONVERSION = YES;
				CLANG_WARN_DEPRECATED_OBJC_IMPLEMENTATIONS = YES;
				CLANG_WARN_DIRECT_OBJC_ISA_USAGE = YES_ERROR;
				CLANG_WARN_DOCUMENTATION_COMMENTS = YES;
				CLANG_WARN_EMPTY_BODY = YES;
				CLANG_WARN_ENUM_CONVERSION = YES;
				CLANG_WARN_INFINITE_RECURSION = YES;
				CLANG_WARN_INT_CONVERSION = YES;
				CLANG_WARN_NON_LITERAL_NULL_CONVERSION = YES;
				CLANG_WARN_OBJC_IMPLICIT_RETAIN_SELF = YES;
				CLANG_WARN_OBJC_LITERAL_CONVERSION = YES;
				CLANG_WARN_OBJC_ROOT_CLASS = YES_ERROR;
				CLANG_WARN_QUOTED_INCLUDE_IN_FRAMEWORK_HEADER = YES;
				CLANG_WARN_RANGE_LOOP_ANALYSIS = YES;
				CLANG_WARN_STRICT_PROTOTYPES = YES;
				CLANG_WARN_SUSPICIOUS_MOVE = YES;
				CLANG_WARN_UNGUARDED_AVAILABILITY = YES_AGGRESSIVE;
				CLANG_WARN_UNREACHABLE_CODE = YES;
				CLANG_WARN__DUPLICATE_METHOD_MATCH = YES;
				COPY_PHASE_STRIP = NO;
				DEBUG_INFORMATION_FORMAT = dwarf;
				ENABLE_STRICT_OBJC_MSGSEND = YES;
				ENABLE_TESTABILITY = YES;
				GCC_C_LANGUAGE_STANDARD = gnu11;
				GCC_DYNAMIC_NO_PIC = NO;
				GCC_NO_COMMON_BLOCKS = YES;
				GCC_OPTIMIZATION_LEVEL = 0;
				GCC_PREPROCESSOR_DEFINITIONS = (
					"DEBUG=1",
					"$(inherited)",
				);
				GCC_WARN_64_TO_32_BIT_CONVERSION = YES;
				GCC_WARN_ABOUT_RETURN_TYPE = YES_ERROR;
				GCC_WARN_UNDECLARED_SELECTOR = YES;
				GCC_WARN_UNINITIALIZED_AUTOS = YES_AGGRESSIVE;
				GCC_WARN_UNUSED_FUNCTION = YES;
				GCC_WARN_UNUSED_VARIABLE = YES;
				MACOSX_DEPLOYMENT_TARGET = 11.3;
				MTL_ENABLE_DEBUG_INFO = INCLUDE_SOURCE;
				MTL_FAST_MATH = YES;
				ONLY_ACTIVE_ARCH = YES;
				SDKROOT = macosx;
				SWIFT_ACTIVE_COMPILATION_CONDITIONS = DEBUG;
				SWIFT_OPTIMIZATION_LEVEL = "-Onone";
			};
			name = Debug;
		};
		468B2462270E69F30050257A /* Release */ = {
			isa = XCBuildConfiguration;
			buildSettings = {
				ALWAYS_SEARCH_USER_PATHS = NO;
				CLANG_ANALYZER_NONNULL = YES;
				CLANG_ANALYZER_NUMBER_OBJECT_CONVERSION = YES_AGGRESSIVE;
				CLANG_CXX_LANGUAGE_STANDARD = "gnu++17";
				CLANG_CXX_LIBRARY = "libc++";
				CLANG_ENABLE_MODULES = YES;
				CLANG_ENABLE_OBJC_ARC = YES;
				CLANG_ENABLE_OBJC_WEAK = YES;
				CLANG_WARN_BLOCK_CAPTURE_AUTORELEASING = YES;
				CLANG_WARN_BOOL_CONVERSION = YES;
				CLANG_WARN_COMMA = YES;
				CLANG_WARN_CONSTANT_CONVERSION = YES;
				CLANG_WARN_DEPRECATED_OBJC_IMPLEMENTATIONS = YES;
				CLANG_WARN_DIRECT_OBJC_ISA_USAGE = YES_ERROR;
				CLANG_WARN_DOCUMENTATION_COMMENTS = YES;
				CLANG_WARN_EMPTY_BODY = YES;
				CLANG_WARN_ENUM_CONVERSION = YES;
				CLANG_WARN_INFINITE_RECURSION = YES;
				CLANG_WARN_INT_CONVERSION = YES;
				CLANG_WARN_NON_LITERAL_NULL_CONVERSION = YES;
				CLANG_WARN_OBJC_IMPLICIT_RETAIN_SELF = YES;
				CLANG_WARN_OBJC_LITERAL_CONVERSION = YES;
				CLANG_WARN_OBJC_ROOT_CLASS = YES_ERROR;
				CLANG_WARN_QUOTED_INCLUDE_IN_FRAMEWORK_HEADER = YES;
				CLANG_WARN_RANGE_LOOP_ANALYSIS = YES;
				CLANG_WARN_STRICT_PROTOTYPES = YES;
				CLANG_WARN_SUSPICIOUS_MOVE = YES;
				CLANG_WARN_UNGUARDED_AVAILABILITY = YES_AGGRESSIVE;
				CLANG_WARN_UNREACHABLE_CODE = YES;
				CLANG_WARN__DUPLICATE_METHOD_MATCH = YES;
				COPY_PHASE_STRIP = NO;
				DEBUG_INFORMATION_FORMAT = "dwarf-with-dsym";
				ENABLE_NS_ASSERTIONS = NO;
				ENABLE_STRICT_OBJC_MSGSEND = YES;
				GCC_C_LANGUAGE_STANDARD = gnu11;
				GCC_NO_COMMON_BLOCKS = YES;
				GCC_WARN_64_TO_32_BIT_CONVERSION = YES;
				GCC_WARN_ABOUT_RETURN_TYPE = YES_ERROR;
				GCC_WARN_UNDECLARED_SELECTOR = YES;
				GCC_WARN_UNINITIALIZED_AUTOS = YES_AGGRESSIVE;
				GCC_WARN_UNUSED_FUNCTION = YES;
				GCC_WARN_UNUSED_VARIABLE = YES;
				MACOSX_DEPLOYMENT_TARGET = 11.3;
				MTL_ENABLE_DEBUG_INFO = NO;
				MTL_FAST_MATH = YES;
				SDKROOT = macosx;
				SWIFT_COMPILATION_MODE = wholemodule;
				SWIFT_OPTIMIZATION_LEVEL = "-O";
			};
			name = Release;
		};
		468B2464270E69F30050257A /* Debug */ = {
			isa = XCBuildConfiguration;
			buildSettings = {
				CLANG_ENABLE_MODULES = YES;
				CODE_SIGN_STYLE = Automatic;
				LD_RUNPATH_SEARCH_PATHS = (
					"$(inherited)",
					"@executable_path/../Frameworks",
					"@loader_path/../Frameworks",
				);
				PRODUCT_NAME = "$(TARGET_NAME)";
				SWIFT_OPTIMIZATION_LEVEL = "-Onone";
				SWIFT_VERSION = 5.0;
			};
			name = Debug;
		};
		468B2465270E69F30050257A /* Release */ = {
			isa = XCBuildConfiguration;
			buildSettings = {
				CLANG_ENABLE_MODULES = YES;
				CODE_SIGN_STYLE = Automatic;
				LD_RUNPATH_SEARCH_PATHS = (
					"$(inherited)",
					"@executable_path/../Frameworks",
					"@loader_path/../Frameworks",
				);
				PRODUCT_NAME = "$(TARGET_NAME)";
				SWIFT_VERSION = 5.0;
			};
			name = Release;
		};
/* End XCBuildConfiguration section */

/* Begin XCConfigurationList section */
		468B2457270E69F30050257A /* Build configuration list for PBXProject "Baekjoon-Swift" */ = {
			isa = XCConfigurationList;
			buildConfigurations = (
				468B2461270E69F30050257A /* Debug */,
				468B2462270E69F30050257A /* Release */,
			);
			defaultConfigurationIsVisible = 0;
			defaultConfigurationName = Release;
		};
		468B2463270E69F30050257A /* Build configuration list for PBXNativeTarget "Baekjoon-Swift" */ = {
			isa = XCConfigurationList;
			buildConfigurations = (
				468B2464270E69F30050257A /* Debug */,
				468B2465270E69F30050257A /* Release */,
			);
			defaultConfigurationIsVisible = 0;
			defaultConfigurationName = Release;
		};
/* End XCConfigurationList section */
	};
	rootObject = 468B2454270E69F30050257A /* Project object */;
}
