// !$*UTF8*$!
{
	archiveVersion = 1;
	classes = {
	};
	objectVersion = 55;
	objects = {

/* Begin PBXBuildFile section */
		464443CA2712B6790012575B /* B_15680.swift in Sources */ = {isa = PBXBuildFile; fileRef = 464443C92712B6790012575B /* B_15680.swift */; };
/* End PBXBuildFile section */

/* Begin PBXCopyFilesBuildPhase section */
		468B245A270E69F30050257A /* CopyFiles */ = {
			isa = PBXCopyFilesBuildPhase;
			buildActionMask = 2147483647;
			dstPath = /usr/share/man/man1/;
			dstSubfolderSpec = 0;
			files = (
			);
			runOnlyForDeploymentPostprocessing = 1;
		};
/* End PBXCopyFilesBuildPhase section */

/* Begin PBXFileReference section */
		464443B027114A220012575B /* B_15727.swift */ = {isa = PBXFileReference; lastKnownFileType = sourcecode.swift; path = B_15727.swift; sourceTree = "<group>"; };
		464443C62712A43A0012575B /* B_13136.swift */ = {isa = PBXFileReference; lastKnownFileType = sourcecode.swift; path = B_13136.swift; sourceTree = "<group>"; };
		464443C92712B6790012575B /* B_15680.swift */ = {isa = PBXFileReference; lastKnownFileType = sourcecode.swift; path = B_15680.swift; sourceTree = "<group>"; };
		467F8928270F104E00701969 /* B_10828.swift */ = {isa = PBXFileReference; lastKnownFileType = sourcecode.swift; path = B_10828.swift; sourceTree = "<group>"; };
		467F892B270F155700701969 /* B_9012.swift */ = {isa = PBXFileReference; lastKnownFileType = sourcecode.swift; path = B_9012.swift; sourceTree = "<group>"; };
		467F892E270F2AC900701969 /* B_1927.swift */ = {isa = PBXFileReference; lastKnownFileType = sourcecode.swift; path = B_1927.swift; sourceTree = "<group>"; };
		467F89E2270FBC8300701969 /* B_10799.swift */ = {isa = PBXFileReference; lastKnownFileType = sourcecode.swift; path = B_10799.swift; sourceTree = "<group>"; };
		467F89E5270FCE6800701969 /* B_11279.swift */ = {isa = PBXFileReference; lastKnownFileType = sourcecode.swift; path = B_11279.swift; sourceTree = "<group>"; };
		468B245C270E69F30050257A /* Baekjoon-Swift */ = {isa = PBXFileReference; explicitFileType = "compiled.mach-o.executable"; includeInIndex = 0; path = "Baekjoon-Swift"; sourceTree = BUILT_PRODUCTS_DIR; };
		468B245F270E69F30050257A /* B_2292.swift */ = {isa = PBXFileReference; lastKnownFileType = sourcecode.swift; path = B_2292.swift; sourceTree = "<group>"; };
		468B246E270E6F0F0050257A /* B_1193.swift */ = {isa = PBXFileReference; lastKnownFileType = sourcecode.swift; path = B_1193.swift; sourceTree = "<group>"; };
		468B2471270E74530050257A /* B_2869.swift */ = {isa = PBXFileReference; lastKnownFileType = sourcecode.swift; path = B_2869.swift; sourceTree = "<group>"; };
		468B2474270E7B640050257A /* B_10250.swift */ = {isa = PBXFileReference; lastKnownFileType = sourcecode.swift; path = B_10250.swift; sourceTree = "<group>"; };
		468B247A270E7FB60050257A /* B_2775.swift */ = {isa = PBXFileReference; lastKnownFileType = sourcecode.swift; path = B_2775.swift; sourceTree = "<group>"; };
		468B247D270E837F0050257A /* B_2839.swift */ = {isa = PBXFileReference; lastKnownFileType = sourcecode.swift; path = B_2839.swift; sourceTree = "<group>"; };
		468B2480270EAD6D0050257A /* B_1011.swift */ = {isa = PBXFileReference; lastKnownFileType = sourcecode.swift; path = B_1011.swift; sourceTree = "<group>"; };
		468B2483270EC5B00050257A /* B_10870.swift */ = {isa = PBXFileReference; lastKnownFileType = sourcecode.swift; path = B_10870.swift; sourceTree = "<group>"; };
		468B2486270ECD060050257A /* B_6603.swift */ = {isa = PBXFileReference; lastKnownFileType = sourcecode.swift; path = B_6603.swift; sourceTree = "<group>"; };
		468B2489270F04DE0050257A /* B_10829.swift */ = {isa = PBXFileReference; lastKnownFileType = sourcecode.swift; path = B_10829.swift; sourceTree = "<group>"; };
		468B248C270F05D10050257A /* B_10994.swift */ = {isa = PBXFileReference; lastKnownFileType = sourcecode.swift; path = B_10994.swift; sourceTree = "<group>"; };
/* End PBXFileReference section */

/* Begin PBXFrameworksBuildPhase section */
		468B2459270E69F30050257A /* Frameworks */ = {
			isa = PBXFrameworksBuildPhase;
			buildActionMask = 2147483647;
			files = (
			);
			runOnlyForDeploymentPostprocessing = 0;
		};
/* End PBXFrameworksBuildPhase section */

/* Begin PBXGroup section */
		464443AF27114A120012575B /* B_15727 */ = {
			isa = PBXGroup;
			children = (
				464443B027114A220012575B /* B_15727.swift */,
			);
			path = B_15727;
			sourceTree = "<group>";
		};
		464443C52712A4320012575B /* B_13136 */ = {
			isa = PBXGroup;
			children = (
				464443C62712A43A0012575B /* B_13136.swift */,
			);
			path = B_13136;
			sourceTree = "<group>";
		};
		464443C82712B66C0012575B /* B_15680 */ = {
			isa = PBXGroup;
			children = (
				464443C92712B6790012575B /* B_15680.swift */,
			);
			path = B_15680;
			sourceTree = "<group>";
		};
		467F8927270F104200701969 /* B_10828 */ = {
			isa = PBXGroup;
			children = (
				467F8928270F104E00701969 /* B_10828.swift */,
			);
			path = B_10828;
			sourceTree = "<group>";
		};
		467F892A270F154B00701969 /* B_9012 */ = {
			isa = PBXGroup;
			children = (
				467F892B270F155700701969 /* B_9012.swift */,
			);
			path = B_9012;
			sourceTree = "<group>";
		};
		467F892D270F2ABC00701969 /* B_1927 */ = {
			isa = PBXGroup;
			children = (
				467F892E270F2AC900701969 /* B_1927.swift */,
			);
			path = B_1927;
			sourceTree = "<group>";
		};
		467F89E1270FBC7200701969 /* B_10799 */ = {
			isa = PBXGroup;
			children = (
				467F89E2270FBC8300701969 /* B_10799.swift */,
			);
			path = B_10799;
			sourceTree = "<group>";
		};
		467F89E4270FCE5D00701969 /* B_11279 */ = {
			isa = PBXGroup;
			children = (
				467F89E5270FCE6800701969 /* B_11279.swift */,
			);
			path = B_11279;
			sourceTree = "<group>";
		};
		468B2453270E69F30050257A = {
			isa = PBXGroup;
			children = (
				468B245E270E69F30050257A /* Baekjoon-Swift */,
				468B245D270E69F30050257A /* Products */,
			);
			sourceTree = "<group>";
		};
		468B245D270E69F30050257A /* Products */ = {
			isa = PBXGroup;
			children = (
				468B245C270E69F30050257A /* Baekjoon-Swift */,
			);
			name = Products;
			sourceTree = "<group>";
		};
		468B245E270E69F30050257A /* Baekjoon-Swift */ = {
			isa = PBXGroup;
			children = (
				464443C82712B66C0012575B /* B_15680 */,
				464443C52712A4320012575B /* B_13136 */,
				464443AF27114A120012575B /* B_15727 */,
				467F89E4270FCE5D00701969 /* B_11279 */,
				467F89E1270FBC7200701969 /* B_10799 */,
				467F892D270F2ABC00701969 /* B_1927 */,
				467F892A270F154B00701969 /* B_9012 */,
				467F8927270F104200701969 /* B_10828 */,
				468B248B270F05C20050257A /* B_10994 */,
				468B2488270F04D30050257A /* B_10829 */,
				468B2485270ECCFE0050257A /* B_6603 */,
				468B2482270EC5A80050257A /* B_10870 */,
				468B247F270EAD5D0050257A /* B_1011 */,
				468B247C270E83790050257A /* B_2839 */,
				468B2479270E7FA50050257A /* B_2775 */,
				468B2473270E7B260050257A /* B_10250 */,
				468B2470270E73F60050257A /* B_2869 */,
				468B2469270E6B230050257A /* B_1193 */,
				468B2468270E6A700050257A /* B_2292 */,
			);
			path = "Baekjoon-Swift";
			sourceTree = "<group>";
		};
		468B2468270E6A700050257A /* B_2292 */ = {
			isa = PBXGroup;
			children = (
				468B245F270E69F30050257A /* B_2292.swift */,
			);
			path = B_2292;
			sourceTree = "<group>";
		};
		468B2469270E6B230050257A /* B_1193 */ = {
			isa = PBXGroup;
			children = (
				468B246E270E6F0F0050257A /* B_1193.swift */,
			);
			path = B_1193;
			sourceTree = "<group>";
		};
		468B2470270E73F60050257A /* B_2869 */ = {
			isa = PBXGroup;
			children = (
				468B2471270E74530050257A /* B_2869.swift */,
			);
			path = B_2869;
			sourceTree = "<group>";
		};
		468B2473270E7B260050257A /* B_10250 */ = {
			isa = PBXGroup;
			children = (
				468B2474270E7B640050257A /* B_10250.swift */,
			);
			path = B_10250;
			sourceTree = "<group>";
		};
		468B2479270E7FA50050257A /* B_2775 */ = {
			isa = PBXGroup;
			children = (
				468B247A270E7FB60050257A /* B_2775.swift */,
			);
			path = B_2775;
			sourceTree = "<group>";
		};
		468B247C270E83790050257A /* B_2839 */ = {
			isa = PBXGroup;
			children = (
				468B247D270E837F0050257A /* B_2839.swift */,
			);
			path = B_2839;
			sourceTree = "<group>";
		};
		468B247F270EAD5D0050257A /* B_1011 */ = {
			isa = PBXGroup;
			children = (
				468B2480270EAD6D0050257A /* B_1011.swift */,
			);
			path = B_1011;
			sourceTree = "<group>";
		};
		468B2482270EC5A80050257A /* B_10870 */ = {
			isa = PBXGroup;
			children = (
				468B2483270EC5B00050257A /* B_10870.swift */,
			);
			path = B_10870;
			sourceTree = "<group>";
		};
		468B2485270ECCFE0050257A /* B_6603 */ = {
			isa = PBXGroup;
			children = (
				468B2486270ECD060050257A /* B_6603.swift */,
			);
			path = B_6603;
			sourceTree = "<group>";
		};
		468B2488270F04D30050257A /* B_10829 */ = {
			isa = PBXGroup;
			children = (
				468B2489270F04DE0050257A /* B_10829.swift */,
			);
			path = B_10829;
			sourceTree = "<group>";
		};
		468B248B270F05C20050257A /* B_10994 */ = {
			isa = PBXGroup;
			children = (
				468B248C270F05D10050257A /* B_10994.swift */,
			);
			path = B_10994;
			sourceTree = "<group>";
		};
/* End PBXGroup section */

/* Begin PBXNativeTarget section */
		468B245B270E69F30050257A /* Baekjoon-Swift */ = {
			isa = PBXNativeTarget;
			buildConfigurationList = 468B2463270E69F30050257A /* Build configuration list for PBXNativeTarget "Baekjoon-Swift" */;
			buildPhases = (
				468B2458270E69F30050257A /* Sources */,
				468B2459270E69F30050257A /* Frameworks */,
				468B245A270E69F30050257A /* CopyFiles */,
			);
			buildRules = (
			);
			dependencies = (
			);
			name = "Baekjoon-Swift";
			productName = "Baekjoon-Swift";
			productReference = 468B245C270E69F30050257A /* Baekjoon-Swift */;
			productType = "com.apple.product-type.tool";
		};
/* End PBXNativeTarget section */

/* Begin PBXProject section */
		468B2454270E69F30050257A /* Project object */ = {
			isa = PBXProject;
			attributes = {
				BuildIndependentTargetsInParallel = 1;
				LastSwiftUpdateCheck = 1300;
				LastUpgradeCheck = 1300;
				TargetAttributes = {
					468B245B270E69F30050257A = {
						CreatedOnToolsVersion = 13.0;
						LastSwiftMigration = 1300;
					};
				};
			};
			buildConfigurationList = 468B2457270E69F30050257A /* Build configuration list for PBXProject "Baekjoon-Swift" */;
			compatibilityVersion = "Xcode 13.0";
			developmentRegion = en;
			hasScannedForEncodings = 0;
			knownRegions = (
				en,
				Base,
			);
			mainGroup = 468B2453270E69F30050257A;
			productRefGroup = 468B245D270E69F30050257A /* Products */;
			projectDirPath = "";
			projectRoot = "";
			targets = (
				468B245B270E69F30050257A /* Baekjoon-Swift */,
			);
		};
/* End PBXProject section */

/* Begin PBXSourcesBuildPhase section */
		468B2458270E69F30050257A /* Sources */ = {
			isa = PBXSourcesBuildPhase;
			buildActionMask = 2147483647;
			files = (
				464443CA2712B6790012575B /* B_15680.swift in Sources */,
			);
			runOnlyForDeploymentPostprocessing = 0;
		};
/* End PBXSourcesBuildPhase section */

/* Begin XCBuildConfiguration section */
		468B2461270E69F30050257A /* Debug */ = {
			isa = XCBuildConfiguration;
			buildSettings = {
				ALWAYS_SEARCH_USER_PATHS = NO;
				CLANG_ANALYZER_NONNULL = YES;
				CLANG_ANALYZER_NUMBER_OBJECT_CONVERSION = YES_AGGRESSIVE;
				CLANG_CXX_LANGUAGE_STANDARD = "gnu++17";
				CLANG_CXX_LIBRARY = "libc++";
				CLANG_ENABLE_MODULES = YES;
				CLANG_ENABLE_OBJC_ARC = YES;
				CLANG_ENABLE_OBJC_WEAK = YES;
				CLANG_WARN_BLOCK_CAPTURE_AUTORELEASING = YES;
				CLANG_WARN_BOOL_CONVERSION = YES;
				CLANG_WARN_COMMA = YES;
				CLANG_WARN_CONSTANT_CONVERSION = YES;
				CLANG_WARN_DEPRECATED_OBJC_IMPLEMENTATIONS = YES;
				CLANG_WARN_DIRECT_OBJC_ISA_USAGE = YES_ERROR;
				CLANG_WARN_DOCUMENTATION_COMMENTS = YES;
				CLANG_WARN_EMPTY_BODY = YES;
				CLANG_WARN_ENUM_CONVERSION = YES;
				CLANG_WARN_INFINITE_RECURSION = YES;
				CLANG_WARN_INT_CONVERSION = YES;
				CLANG_WARN_NON_LITERAL_NULL_CONVERSION = YES;
				CLANG_WARN_OBJC_IMPLICIT_RETAIN_SELF = YES;
				CLANG_WARN_OBJC_LITERAL_CONVERSION = YES;
				CLANG_WARN_OBJC_ROOT_CLASS = YES_ERROR;
				CLANG_WARN_QUOTED_INCLUDE_IN_FRAMEWORK_HEADER = YES;
				CLANG_WARN_RANGE_LOOP_ANALYSIS = YES;
				CLANG_WARN_STRICT_PROTOTYPES = YES;
				CLANG_WARN_SUSPICIOUS_MOVE = YES;
				CLANG_WARN_UNGUARDED_AVAILABILITY = YES_AGGRESSIVE;
				CLANG_WARN_UNREACHABLE_CODE = YES;
				CLANG_WARN__DUPLICATE_METHOD_MATCH = YES;
				COPY_PHASE_STRIP = NO;
				DEBUG_INFORMATION_FORMAT = dwarf;
				ENABLE_STRICT_OBJC_MSGSEND = YES;
				ENABLE_TESTABILITY = YES;
				GCC_C_LANGUAGE_STANDARD = gnu11;
				GCC_DYNAMIC_NO_PIC = NO;
				GCC_NO_COMMON_BLOCKS = YES;
				GCC_OPTIMIZATION_LEVEL = 0;
				GCC_PREPROCESSOR_DEFINITIONS = (
					"DEBUG=1",
					"$(inherited)",
				);
				GCC_WARN_64_TO_32_BIT_CONVERSION = YES;
				GCC_WARN_ABOUT_RETURN_TYPE = YES_ERROR;
				GCC_WARN_UNDECLARED_SELECTOR = YES;
				GCC_WARN_UNINITIALIZED_AUTOS = YES_AGGRESSIVE;
				GCC_WARN_UNUSED_FUNCTION = YES;
				GCC_WARN_UNUSED_VARIABLE = YES;
				MACOSX_DEPLOYMENT_TARGET = 11.3;
				MTL_ENABLE_DEBUG_INFO = INCLUDE_SOURCE;
				MTL_FAST_MATH = YES;
				ONLY_ACTIVE_ARCH = YES;
				SDKROOT = macosx;
				SWIFT_ACTIVE_COMPILATION_CONDITIONS = DEBUG;
				SWIFT_OPTIMIZATION_LEVEL = "-Onone";
			};
			name = Debug;
		};
		468B2462270E69F30050257A /* Release */ = {
			isa = XCBuildConfiguration;
			buildSettings = {
				ALWAYS_SEARCH_USER_PATHS = NO;
				CLANG_ANALYZER_NONNULL = YES;
				CLANG_ANALYZER_NUMBER_OBJECT_CONVERSION = YES_AGGRESSIVE;
				CLANG_CXX_LANGUAGE_STANDARD = "gnu++17";
				CLANG_CXX_LIBRARY = "libc++";
				CLANG_ENABLE_MODULES = YES;
				CLANG_ENABLE_OBJC_ARC = YES;
				CLANG_ENABLE_OBJC_WEAK = YES;
				CLANG_WARN_BLOCK_CAPTURE_AUTORELEASING = YES;
				CLANG_WARN_BOOL_CONVERSION = YES;
				CLANG_WARN_COMMA = YES;
				CLANG_WARN_CONSTANT_CONVERSION = YES;
				CLANG_WARN_DEPRECATED_OBJC_IMPLEMENTATIONS = YES;
				CLANG_WARN_DIRECT_OBJC_ISA_USAGE = YES_ERROR;
				CLANG_WARN_DOCUMENTATION_COMMENTS = YES;
				CLANG_WARN_EMPTY_BODY = YES;
				CLANG_WARN_ENUM_CONVERSION = YES;
				CLANG_WARN_INFINITE_RECURSION = YES;
				CLANG_WARN_INT_CONVERSION = YES;
				CLANG_WARN_NON_LITERAL_NULL_CONVERSION = YES;
				CLANG_WARN_OBJC_IMPLICIT_RETAIN_SELF = YES;
				CLANG_WARN_OBJC_LITERAL_CONVERSION = YES;
				CLANG_WARN_OBJC_ROOT_CLASS = YES_ERROR;
				CLANG_WARN_QUOTED_INCLUDE_IN_FRAMEWORK_HEADER = YES;
				CLANG_WARN_RANGE_LOOP_ANALYSIS = YES;
				CLANG_WARN_STRICT_PROTOTYPES = YES;
				CLANG_WARN_SUSPICIOUS_MOVE = YES;
				CLANG_WARN_UNGUARDED_AVAILABILITY = YES_AGGRESSIVE;
				CLANG_WARN_UNREACHABLE_CODE = YES;
				CLANG_WARN__DUPLICATE_METHOD_MATCH = YES;
				COPY_PHASE_STRIP = NO;
				DEBUG_INFORMATION_FORMAT = "dwarf-with-dsym";
				ENABLE_NS_ASSERTIONS = NO;
				ENABLE_STRICT_OBJC_MSGSEND = YES;
				GCC_C_LANGUAGE_STANDARD = gnu11;
				GCC_NO_COMMON_BLOCKS = YES;
				GCC_WARN_64_TO_32_BIT_CONVERSION = YES;
				GCC_WARN_ABOUT_RETURN_TYPE = YES_ERROR;
				GCC_WARN_UNDECLARED_SELECTOR = YES;
				GCC_WARN_UNINITIALIZED_AUTOS = YES_AGGRESSIVE;
				GCC_WARN_UNUSED_FUNCTION = YES;
				GCC_WARN_UNUSED_VARIABLE = YES;
				MACOSX_DEPLOYMENT_TARGET = 11.3;
				MTL_ENABLE_DEBUG_INFO = NO;
				MTL_FAST_MATH = YES;
				SDKROOT = macosx;
				SWIFT_COMPILATION_MODE = wholemodule;
				SWIFT_OPTIMIZATION_LEVEL = "-O";
			};
			name = Release;
		};
		468B2464270E69F30050257A /* Debug */ = {
			isa = XCBuildConfiguration;
			buildSettings = {
				CLANG_ENABLE_MODULES = YES;
				CODE_SIGN_STYLE = Automatic;
				LD_RUNPATH_SEARCH_PATHS = (
					"$(inherited)",
					"@executable_path/../Frameworks",
					"@loader_path/../Frameworks",
				);
				PRODUCT_NAME = "$(TARGET_NAME)";
				SWIFT_OPTIMIZATION_LEVEL = "-Onone";
				SWIFT_VERSION = 5.0;
			};
			name = Debug;
		};
		468B2465270E69F30050257A /* Release */ = {
			isa = XCBuildConfiguration;
			buildSettings = {
				CLANG_ENABLE_MODULES = YES;
				CODE_SIGN_STYLE = Automatic;
				LD_RUNPATH_SEARCH_PATHS = (
					"$(inherited)",
					"@executable_path/../Frameworks",
					"@loader_path/../Frameworks",
				);
				PRODUCT_NAME = "$(TARGET_NAME)";
				SWIFT_VERSION = 5.0;
			};
			name = Release;
		};
/* End XCBuildConfiguration section */

/* Begin XCConfigurationList section */
		468B2457270E69F30050257A /* Build configuration list for PBXProject "Baekjoon-Swift" */ = {
			isa = XCConfigurationList;
			buildConfigurations = (
				468B2461270E69F30050257A /* Debug */,
				468B2462270E69F30050257A /* Release */,
			);
			defaultConfigurationIsVisible = 0;
			defaultConfigurationName = Release;
		};
		468B2463270E69F30050257A /* Build configuration list for PBXNativeTarget "Baekjoon-Swift" */ = {
			isa = XCConfigurationList;
			buildConfigurations = (
				468B2464270E69F30050257A /* Debug */,
				468B2465270E69F30050257A /* Release */,
			);
			defaultConfigurationIsVisible = 0;
			defaultConfigurationName = Release;
		};
/* End XCConfigurationList section */
	};
	rootObject = 468B2454270E69F30050257A /* Project object */;
}
